// !$*UTF8*$!
{
	archiveVersion = 1;
	classes = {
	};
	objectVersion = 56;
	objects = {

/* Begin PBXBuildFile section */
		21BDDE5C2AB074B500BFF4B2 /* AppDelegate.swift in Sources */ = {isa = PBXBuildFile; fileRef = 21BDDE5B2AB074B500BFF4B2 /* AppDelegate.swift */; };
		21BDDE5E2AB074B500BFF4B2 /* SceneDelegate.swift in Sources */ = {isa = PBXBuildFile; fileRef = 21BDDE5D2AB074B500BFF4B2 /* SceneDelegate.swift */; };
		21BDDE632AB074B500BFF4B2 /* Main.storyboard in Resources */ = {isa = PBXBuildFile; fileRef = 21BDDE612AB074B500BFF4B2 /* Main.storyboard */; };
		21BDDE652AB074B700BFF4B2 /* Assets.xcassets in Resources */ = {isa = PBXBuildFile; fileRef = 21BDDE642AB074B700BFF4B2 /* Assets.xcassets */; };
		21BDDE682AB074B700BFF4B2 /* LaunchScreen.storyboard in Resources */ = {isa = PBXBuildFile; fileRef = 21BDDE662AB074B700BFF4B2 /* LaunchScreen.storyboard */; };
		21BDDE732AB074B700BFF4B2 /* KeysocItunesSearchAppIOSTests.swift in Sources */ = {isa = PBXBuildFile; fileRef = 21BDDE722AB074B700BFF4B2 /* KeysocItunesSearchAppIOSTests.swift */; };
		21BDDE7D2AB074B700BFF4B2 /* KeysocItunesSearchAppIOSUITests.swift in Sources */ = {isa = PBXBuildFile; fileRef = 21BDDE7C2AB074B700BFF4B2 /* KeysocItunesSearchAppIOSUITests.swift */; };
		21BDDE7F2AB074B700BFF4B2 /* KeysocItunesSearchAppIOSUITestsLaunchTests.swift in Sources */ = {isa = PBXBuildFile; fileRef = 21BDDE7E2AB074B700BFF4B2 /* KeysocItunesSearchAppIOSUITestsLaunchTests.swift */; };
		21BDDE912AB09FB100BFF4B2 /* KeysocItunesSearchAPIServiceiOS-Swift in Frameworks */ = {isa = PBXBuildFile; productRef = 21BDDE902AB09FB100BFF4B2 /* KeysocItunesSearchAPIServiceiOS-Swift */; };
		21BDDE952AB0BD1400BFF4B2 /* SongViewModel.swift in Sources */ = {isa = PBXBuildFile; fileRef = 21BDDE942AB0BD1400BFF4B2 /* SongViewModel.swift */; };
		21BDDE972AB0C08600BFF4B2 /* SongListViewController.swift in Sources */ = {isa = PBXBuildFile; fileRef = 21BDDE962AB0C08600BFF4B2 /* SongListViewController.swift */; };
		21BDDE992AB0C08F00BFF4B2 /* SongDetailsViewController.swift in Sources */ = {isa = PBXBuildFile; fileRef = 21BDDE982AB0C08F00BFF4B2 /* SongDetailsViewController.swift */; };
		21BDDE9B2AB0C12B00BFF4B2 /* SongListViewController.xib in Resources */ = {isa = PBXBuildFile; fileRef = 21BDDE9A2AB0C12B00BFF4B2 /* SongListViewController.xib */; };
		21BDDE9E2AB0C31700BFF4B2 /* KCUISongListCellHorizontal.swift in Sources */ = {isa = PBXBuildFile; fileRef = 21BDDE9D2AB0C31700BFF4B2 /* KCUISongListCellHorizontal.swift */; };
		21BDDEA02AB0C32000BFF4B2 /* KCUISongListCellHorizontal.xib in Resources */ = {isa = PBXBuildFile; fileRef = 21BDDE9F2AB0C32000BFF4B2 /* KCUISongListCellHorizontal.xib */; };
		21BDDEA32AB0C46700BFF4B2 /* SDWebImage in Frameworks */ = {isa = PBXBuildFile; productRef = 21BDDEA22AB0C46700BFF4B2 /* SDWebImage */; };
		21BDDEA82AB0CC1C00BFF4B2 /* KCUILabel.swift in Sources */ = {isa = PBXBuildFile; fileRef = 21BDDEA72AB0CC1C00BFF4B2 /* KCUILabel.swift */; };
		21BDDEAC2AB0D2D500BFF4B2 /* SongDetailsViewController.xib in Resources */ = {isa = PBXBuildFile; fileRef = 21BDDEAB2AB0D2D500BFF4B2 /* SongDetailsViewController.xib */; };
		21BDDEAE2AB0D62D00BFF4B2 /* KCUIPaginationViewModel.swift in Sources */ = {isa = PBXBuildFile; fileRef = 21BDDEAD2AB0D62D00BFF4B2 /* KCUIPaginationViewModel.swift */; };
/* End PBXBuildFile section */

/* Begin PBXContainerItemProxy section */
		21BDDE6F2AB074B700BFF4B2 /* PBXContainerItemProxy */ = {
			isa = PBXContainerItemProxy;
			containerPortal = 21BDDE502AB074B500BFF4B2 /* Project object */;
			proxyType = 1;
			remoteGlobalIDString = 21BDDE572AB074B500BFF4B2;
			remoteInfo = KeysocItunesSearchAppIOS;
		};
		21BDDE792AB074B700BFF4B2 /* PBXContainerItemProxy */ = {
			isa = PBXContainerItemProxy;
			containerPortal = 21BDDE502AB074B500BFF4B2 /* Project object */;
			proxyType = 1;
			remoteGlobalIDString = 21BDDE572AB074B500BFF4B2;
			remoteInfo = KeysocItunesSearchAppIOS;
		};
/* End PBXContainerItemProxy section */

/* Begin PBXFileReference section */
		21BDDE582AB074B500BFF4B2 /* KeysocItunesSearchAppIOS.app */ = {isa = PBXFileReference; explicitFileType = wrapper.application; includeInIndex = 0; path = KeysocItunesSearchAppIOS.app; sourceTree = BUILT_PRODUCTS_DIR; };
		21BDDE5B2AB074B500BFF4B2 /* AppDelegate.swift */ = {isa = PBXFileReference; lastKnownFileType = sourcecode.swift; path = AppDelegate.swift; sourceTree = "<group>"; };
		21BDDE5D2AB074B500BFF4B2 /* SceneDelegate.swift */ = {isa = PBXFileReference; lastKnownFileType = sourcecode.swift; path = SceneDelegate.swift; sourceTree = "<group>"; };
		21BDDE622AB074B500BFF4B2 /* Base */ = {isa = PBXFileReference; lastKnownFileType = file.storyboard; name = Base; path = Base.lproj/Main.storyboard; sourceTree = "<group>"; };
		21BDDE642AB074B700BFF4B2 /* Assets.xcassets */ = {isa = PBXFileReference; lastKnownFileType = folder.assetcatalog; path = Assets.xcassets; sourceTree = "<group>"; };
		21BDDE672AB074B700BFF4B2 /* Base */ = {isa = PBXFileReference; lastKnownFileType = file.storyboard; name = Base; path = Base.lproj/LaunchScreen.storyboard; sourceTree = "<group>"; };
		21BDDE692AB074B700BFF4B2 /* Info.plist */ = {isa = PBXFileReference; lastKnownFileType = text.plist.xml; path = Info.plist; sourceTree = "<group>"; };
		21BDDE6E2AB074B700BFF4B2 /* KeysocItunesSearchAppIOSTests.xctest */ = {isa = PBXFileReference; explicitFileType = wrapper.cfbundle; includeInIndex = 0; path = KeysocItunesSearchAppIOSTests.xctest; sourceTree = BUILT_PRODUCTS_DIR; };
		21BDDE722AB074B700BFF4B2 /* KeysocItunesSearchAppIOSTests.swift */ = {isa = PBXFileReference; lastKnownFileType = sourcecode.swift; path = KeysocItunesSearchAppIOSTests.swift; sourceTree = "<group>"; };
		21BDDE782AB074B700BFF4B2 /* KeysocItunesSearchAppIOSUITests.xctest */ = {isa = PBXFileReference; explicitFileType = wrapper.cfbundle; includeInIndex = 0; path = KeysocItunesSearchAppIOSUITests.xctest; sourceTree = BUILT_PRODUCTS_DIR; };
		21BDDE7C2AB074B700BFF4B2 /* KeysocItunesSearchAppIOSUITests.swift */ = {isa = PBXFileReference; lastKnownFileType = sourcecode.swift; path = KeysocItunesSearchAppIOSUITests.swift; sourceTree = "<group>"; };
		21BDDE7E2AB074B700BFF4B2 /* KeysocItunesSearchAppIOSUITestsLaunchTests.swift */ = {isa = PBXFileReference; lastKnownFileType = sourcecode.swift; path = KeysocItunesSearchAppIOSUITestsLaunchTests.swift; sourceTree = "<group>"; };
		21BDDE942AB0BD1400BFF4B2 /* SongViewModel.swift */ = {isa = PBXFileReference; lastKnownFileType = sourcecode.swift; path = SongViewModel.swift; sourceTree = "<group>"; };
		21BDDE962AB0C08600BFF4B2 /* SongListViewController.swift */ = {isa = PBXFileReference; lastKnownFileType = sourcecode.swift; path = SongListViewController.swift; sourceTree = "<group>"; };
		21BDDE982AB0C08F00BFF4B2 /* SongDetailsViewController.swift */ = {isa = PBXFileReference; lastKnownFileType = sourcecode.swift; path = SongDetailsViewController.swift; sourceTree = "<group>"; };
		21BDDE9A2AB0C12B00BFF4B2 /* SongListViewController.xib */ = {isa = PBXFileReference; lastKnownFileType = file.xib; path = SongListViewController.xib; sourceTree = "<group>"; };
		21BDDE9D2AB0C31700BFF4B2 /* KCUISongListCellHorizontal.swift */ = {isa = PBXFileReference; lastKnownFileType = sourcecode.swift; path = KCUISongListCellHorizontal.swift; sourceTree = "<group>"; };
		21BDDE9F2AB0C32000BFF4B2 /* KCUISongListCellHorizontal.xib */ = {isa = PBXFileReference; lastKnownFileType = file.xib; path = KCUISongListCellHorizontal.xib; sourceTree = "<group>"; };
		21BDDEA72AB0CC1C00BFF4B2 /* KCUILabel.swift */ = {isa = PBXFileReference; lastKnownFileType = sourcecode.swift; path = KCUILabel.swift; sourceTree = "<group>"; };
		21BDDEAB2AB0D2D500BFF4B2 /* SongDetailsViewController.xib */ = {isa = PBXFileReference; lastKnownFileType = file.xib; path = SongDetailsViewController.xib; sourceTree = "<group>"; };
		21BDDEAD2AB0D62D00BFF4B2 /* KCUIPaginationViewModel.swift */ = {isa = PBXFileReference; lastKnownFileType = sourcecode.swift; path = KCUIPaginationViewModel.swift; sourceTree = "<group>"; };
/* End PBXFileReference section */

/* Begin PBXFrameworksBuildPhase section */
		21BDDE552AB074B500BFF4B2 /* Frameworks */ = {
			isa = PBXFrameworksBuildPhase;
			buildActionMask = 2147483647;
			files = (
				21BDDEA32AB0C46700BFF4B2 /* SDWebImage in Frameworks */,
				21BDDE912AB09FB100BFF4B2 /* KeysocItunesSearchAPIServiceiOS-Swift in Frameworks */,
			);
			runOnlyForDeploymentPostprocessing = 0;
		};
		21BDDE6B2AB074B700BFF4B2 /* Frameworks */ = {
			isa = PBXFrameworksBuildPhase;
			buildActionMask = 2147483647;
			files = (
			);
			runOnlyForDeploymentPostprocessing = 0;
		};
		21BDDE752AB074B700BFF4B2 /* Frameworks */ = {
			isa = PBXFrameworksBuildPhase;
			buildActionMask = 2147483647;
			files = (
			);
			runOnlyForDeploymentPostprocessing = 0;
		};
/* End PBXFrameworksBuildPhase section */

/* Begin PBXGroup section */
		21BDDE4F2AB074B500BFF4B2 = {
			isa = PBXGroup;
			children = (
				21BDDE5A2AB074B500BFF4B2 /* KeysocItunesSearchAppIOS */,
				21BDDE712AB074B700BFF4B2 /* KeysocItunesSearchAppIOSTests */,
				21BDDE7B2AB074B700BFF4B2 /* KeysocItunesSearchAppIOSUITests */,
				21BDDE592AB074B500BFF4B2 /* Products */,
			);
			sourceTree = "<group>";
		};
		21BDDE592AB074B500BFF4B2 /* Products */ = {
			isa = PBXGroup;
			children = (
				21BDDE582AB074B500BFF4B2 /* KeysocItunesSearchAppIOS.app */,
				21BDDE6E2AB074B700BFF4B2 /* KeysocItunesSearchAppIOSTests.xctest */,
				21BDDE782AB074B700BFF4B2 /* KeysocItunesSearchAppIOSUITests.xctest */,
			);
			name = Products;
			sourceTree = "<group>";
		};
		21BDDE5A2AB074B500BFF4B2 /* KeysocItunesSearchAppIOS */ = {
			isa = PBXGroup;
			children = (
				21BDDEA62AB0CBF800BFF4B2 /* UIBaseClasses */,
				21BDDE9C2AB0C2E200BFF4B2 /* UIElements */,
				21BDDE932AB0B55000BFF4B2 /* ViewModels */,
				21BDDE922AB0B54800BFF4B2 /* ViewControllers */,
				21BDDE5B2AB074B500BFF4B2 /* AppDelegate.swift */,
				21BDDE5D2AB074B500BFF4B2 /* SceneDelegate.swift */,
				21BDDE612AB074B500BFF4B2 /* Main.storyboard */,
				21BDDE642AB074B700BFF4B2 /* Assets.xcassets */,
				21BDDE662AB074B700BFF4B2 /* LaunchScreen.storyboard */,
				21BDDE692AB074B700BFF4B2 /* Info.plist */,
			);
			path = KeysocItunesSearchAppIOS;
			sourceTree = "<group>";
		};
		21BDDE712AB074B700BFF4B2 /* KeysocItunesSearchAppIOSTests */ = {
			isa = PBXGroup;
			children = (
				21BDDE722AB074B700BFF4B2 /* KeysocItunesSearchAppIOSTests.swift */,
			);
			path = KeysocItunesSearchAppIOSTests;
			sourceTree = "<group>";
		};
		21BDDE7B2AB074B700BFF4B2 /* KeysocItunesSearchAppIOSUITests */ = {
			isa = PBXGroup;
			children = (
				21BDDE7C2AB074B700BFF4B2 /* KeysocItunesSearchAppIOSUITests.swift */,
				21BDDE7E2AB074B700BFF4B2 /* KeysocItunesSearchAppIOSUITestsLaunchTests.swift */,
			);
			path = KeysocItunesSearchAppIOSUITests;
			sourceTree = "<group>";
		};
		21BDDE922AB0B54800BFF4B2 /* ViewControllers */ = {
			isa = PBXGroup;
			children = (
				21BDDE962AB0C08600BFF4B2 /* SongListViewController.swift */,
				21BDDE9A2AB0C12B00BFF4B2 /* SongListViewController.xib */,
				21BDDE982AB0C08F00BFF4B2 /* SongDetailsViewController.swift */,
				21BDDEAB2AB0D2D500BFF4B2 /* SongDetailsViewController.xib */,
			);
			path = ViewControllers;
			sourceTree = "<group>";
		};
		21BDDE932AB0B55000BFF4B2 /* ViewModels */ = {
			isa = PBXGroup;
			children = (
				21BDDEAD2AB0D62D00BFF4B2 /* KCUIPaginationViewModel.swift */,
				21BDDE942AB0BD1400BFF4B2 /* SongViewModel.swift */,
			);
			path = ViewModels;
			sourceTree = "<group>";
		};
		21BDDE9C2AB0C2E200BFF4B2 /* UIElements */ = {
			isa = PBXGroup;
			children = (
				21BDDE9D2AB0C31700BFF4B2 /* KCUISongListCellHorizontal.swift */,
				21BDDE9F2AB0C32000BFF4B2 /* KCUISongListCellHorizontal.xib */,
			);
			path = UIElements;
			sourceTree = "<group>";
		};
		21BDDEA62AB0CBF800BFF4B2 /* UIBaseClasses */ = {
			isa = PBXGroup;
			children = (
				21BDDEA72AB0CC1C00BFF4B2 /* KCUILabel.swift */,
			);
			path = UIBaseClasses;
			sourceTree = "<group>";
		};
/* End PBXGroup section */

/* Begin PBXNativeTarget section */
		21BDDE572AB074B500BFF4B2 /* KeysocItunesSearchAppIOS */ = {
			isa = PBXNativeTarget;
			buildConfigurationList = 21BDDE822AB074B700BFF4B2 /* Build configuration list for PBXNativeTarget "KeysocItunesSearchAppIOS" */;
			buildPhases = (
				21BDDE542AB074B500BFF4B2 /* Sources */,
				21BDDE552AB074B500BFF4B2 /* Frameworks */,
				21BDDE562AB074B500BFF4B2 /* Resources */,
			);
			buildRules = (
			);
			dependencies = (
			);
			name = KeysocItunesSearchAppIOS;
			packageProductDependencies = (
				21BDDE902AB09FB100BFF4B2 /* KeysocItunesSearchAPIServiceiOS-Swift */,
				21BDDEA22AB0C46700BFF4B2 /* SDWebImage */,
			);
			productName = KeysocItunesSearchAppIOS;
			productReference = 21BDDE582AB074B500BFF4B2 /* KeysocItunesSearchAppIOS.app */;
			productType = "com.apple.product-type.application";
		};
		21BDDE6D2AB074B700BFF4B2 /* KeysocItunesSearchAppIOSTests */ = {
			isa = PBXNativeTarget;
			buildConfigurationList = 21BDDE852AB074B700BFF4B2 /* Build configuration list for PBXNativeTarget "KeysocItunesSearchAppIOSTests" */;
			buildPhases = (
				21BDDE6A2AB074B700BFF4B2 /* Sources */,
				21BDDE6B2AB074B700BFF4B2 /* Frameworks */,
				21BDDE6C2AB074B700BFF4B2 /* Resources */,
			);
			buildRules = (
			);
			dependencies = (
				21BDDE702AB074B700BFF4B2 /* PBXTargetDependency */,
			);
			name = KeysocItunesSearchAppIOSTests;
			productName = KeysocItunesSearchAppIOSTests;
			productReference = 21BDDE6E2AB074B700BFF4B2 /* KeysocItunesSearchAppIOSTests.xctest */;
			productType = "com.apple.product-type.bundle.unit-test";
		};
		21BDDE772AB074B700BFF4B2 /* KeysocItunesSearchAppIOSUITests */ = {
			isa = PBXNativeTarget;
			buildConfigurationList = 21BDDE882AB074B700BFF4B2 /* Build configuration list for PBXNativeTarget "KeysocItunesSearchAppIOSUITests" */;
			buildPhases = (
				21BDDE742AB074B700BFF4B2 /* Sources */,
				21BDDE752AB074B700BFF4B2 /* Frameworks */,
				21BDDE762AB074B700BFF4B2 /* Resources */,
			);
			buildRules = (
			);
			dependencies = (
				21BDDE7A2AB074B700BFF4B2 /* PBXTargetDependency */,
			);
			name = KeysocItunesSearchAppIOSUITests;
			productName = KeysocItunesSearchAppIOSUITests;
			productReference = 21BDDE782AB074B700BFF4B2 /* KeysocItunesSearchAppIOSUITests.xctest */;
			productType = "com.apple.product-type.bundle.ui-testing";
		};
/* End PBXNativeTarget section */

/* Begin PBXProject section */
		21BDDE502AB074B500BFF4B2 /* Project object */ = {
			isa = PBXProject;
			attributes = {
				BuildIndependentTargetsInParallel = 1;
				LastSwiftUpdateCheck = 1430;
				LastUpgradeCheck = 1430;
				TargetAttributes = {
					21BDDE572AB074B500BFF4B2 = {
						CreatedOnToolsVersion = 14.3.1;
					};
					21BDDE6D2AB074B700BFF4B2 = {
						CreatedOnToolsVersion = 14.3.1;
						TestTargetID = 21BDDE572AB074B500BFF4B2;
					};
					21BDDE772AB074B700BFF4B2 = {
						CreatedOnToolsVersion = 14.3.1;
						TestTargetID = 21BDDE572AB074B500BFF4B2;
					};
				};
			};
			buildConfigurationList = 21BDDE532AB074B500BFF4B2 /* Build configuration list for PBXProject "KeysocItunesSearchAppIOS" */;
			compatibilityVersion = "Xcode 14.0";
			developmentRegion = en;
			hasScannedForEncodings = 0;
			knownRegions = (
				en,
				Base,
			);
			mainGroup = 21BDDE4F2AB074B500BFF4B2;
			packageReferences = (
				21BDDE8F2AB09FB100BFF4B2 /* XCRemoteSwiftPackageReference "keysocitunessearchapiserviceios-swift" */,
				21BDDEA12AB0C46700BFF4B2 /* XCRemoteSwiftPackageReference "SDWebImage" */,
			);
			productRefGroup = 21BDDE592AB074B500BFF4B2 /* Products */;
			projectDirPath = "";
			projectRoot = "";
			targets = (
				21BDDE572AB074B500BFF4B2 /* KeysocItunesSearchAppIOS */,
				21BDDE6D2AB074B700BFF4B2 /* KeysocItunesSearchAppIOSTests */,
				21BDDE772AB074B700BFF4B2 /* KeysocItunesSearchAppIOSUITests */,
			);
		};
/* End PBXProject section */

/* Begin PBXResourcesBuildPhase section */
		21BDDE562AB074B500BFF4B2 /* Resources */ = {
			isa = PBXResourcesBuildPhase;
			buildActionMask = 2147483647;
			files = (
				21BDDE682AB074B700BFF4B2 /* LaunchScreen.storyboard in Resources */,
				21BDDE9B2AB0C12B00BFF4B2 /* SongListViewController.xib in Resources */,
				21BDDEAC2AB0D2D500BFF4B2 /* SongDetailsViewController.xib in Resources */,
				21BDDE652AB074B700BFF4B2 /* Assets.xcassets in Resources */,
				21BDDEA02AB0C32000BFF4B2 /* KCUISongListCellHorizontal.xib in Resources */,
				21BDDE632AB074B500BFF4B2 /* Main.storyboard in Resources */,
			);
			runOnlyForDeploymentPostprocessing = 0;
		};
		21BDDE6C2AB074B700BFF4B2 /* Resources */ = {
			isa = PBXResourcesBuildPhase;
			buildActionMask = 2147483647;
			files = (
			);
			runOnlyForDeploymentPostprocessing = 0;
		};
		21BDDE762AB074B700BFF4B2 /* Resources */ = {
			isa = PBXResourcesBuildPhase;
			buildActionMask = 2147483647;
			files = (
			);
			runOnlyForDeploymentPostprocessing = 0;
		};
/* End PBXResourcesBuildPhase section */

/* Begin PBXSourcesBuildPhase section */
		21BDDE542AB074B500BFF4B2 /* Sources */ = {
			isa = PBXSourcesBuildPhase;
			buildActionMask = 2147483647;
			files = (
				21BDDE952AB0BD1400BFF4B2 /* SongViewModel.swift in Sources */,
				21BDDE5C2AB074B500BFF4B2 /* AppDelegate.swift in Sources */,
				21BDDEAE2AB0D62D00BFF4B2 /* KCUIPaginationViewModel.swift in Sources */,
				21BDDE9E2AB0C31700BFF4B2 /* KCUISongListCellHorizontal.swift in Sources */,
				21BDDE5E2AB074B500BFF4B2 /* SceneDelegate.swift in Sources */,
				21BDDE992AB0C08F00BFF4B2 /* SongDetailsViewController.swift in Sources */,
				21BDDEA82AB0CC1C00BFF4B2 /* KCUILabel.swift in Sources */,
				21BDDE972AB0C08600BFF4B2 /* SongListViewController.swift in Sources */,
			);
			runOnlyForDeploymentPostprocessing = 0;
		};
		21BDDE6A2AB074B700BFF4B2 /* Sources */ = {
			isa = PBXSourcesBuildPhase;
			buildActionMask = 2147483647;
			files = (
				21BDDE732AB074B700BFF4B2 /* KeysocItunesSearchAppIOSTests.swift in Sources */,
			);
			runOnlyForDeploymentPostprocessing = 0;
		};
		21BDDE742AB074B700BFF4B2 /* Sources */ = {
			isa = PBXSourcesBuildPhase;
			buildActionMask = 2147483647;
			files = (
				21BDDE7F2AB074B700BFF4B2 /* KeysocItunesSearchAppIOSUITestsLaunchTests.swift in Sources */,
				21BDDE7D2AB074B700BFF4B2 /* KeysocItunesSearchAppIOSUITests.swift in Sources */,
			);
			runOnlyForDeploymentPostprocessing = 0;
		};
/* End PBXSourcesBuildPhase section */

/* Begin PBXTargetDependency section */
		21BDDE702AB074B700BFF4B2 /* PBXTargetDependency */ = {
			isa = PBXTargetDependency;
			target = 21BDDE572AB074B500BFF4B2 /* KeysocItunesSearchAppIOS */;
			targetProxy = 21BDDE6F2AB074B700BFF4B2 /* PBXContainerItemProxy */;
		};
		21BDDE7A2AB074B700BFF4B2 /* PBXTargetDependency */ = {
			isa = PBXTargetDependency;
			target = 21BDDE572AB074B500BFF4B2 /* KeysocItunesSearchAppIOS */;
			targetProxy = 21BDDE792AB074B700BFF4B2 /* PBXContainerItemProxy */;
		};
/* End PBXTargetDependency section */

/* Begin PBXVariantGroup section */
		21BDDE612AB074B500BFF4B2 /* Main.storyboard */ = {
			isa = PBXVariantGroup;
			children = (
				21BDDE622AB074B500BFF4B2 /* Base */,
			);
			name = Main.storyboard;
			sourceTree = "<group>";
		};
		21BDDE662AB074B700BFF4B2 /* LaunchScreen.storyboard */ = {
			isa = PBXVariantGroup;
			children = (
				21BDDE672AB074B700BFF4B2 /* Base */,
			);
			name = LaunchScreen.storyboard;
			sourceTree = "<group>";
		};
/* End PBXVariantGroup section */

/* Begin XCBuildConfiguration section */
		21BDDE802AB074B700BFF4B2 /* Debug */ = {
			isa = XCBuildConfiguration;
			buildSettings = {
				ALWAYS_SEARCH_USER_PATHS = NO;
				CLANG_ANALYZER_NONNULL = YES;
				CLANG_ANALYZER_NUMBER_OBJECT_CONVERSION = YES_AGGRESSIVE;
				CLANG_CXX_LANGUAGE_STANDARD = "gnu++20";
				CLANG_ENABLE_MODULES = YES;
				CLANG_ENABLE_OBJC_ARC = YES;
				CLANG_ENABLE_OBJC_WEAK = YES;
				CLANG_WARN_BLOCK_CAPTURE_AUTORELEASING = YES;
				CLANG_WARN_BOOL_CONVERSION = YES;
				CLANG_WARN_COMMA = YES;
				CLANG_WARN_CONSTANT_CONVERSION = YES;
				CLANG_WARN_DEPRECATED_OBJC_IMPLEMENTATIONS = YES;
				CLANG_WARN_DIRECT_OBJC_ISA_USAGE = YES_ERROR;
				CLANG_WARN_DOCUMENTATION_COMMENTS = YES;
				CLANG_WARN_EMPTY_BODY = YES;
				CLANG_WARN_ENUM_CONVERSION = YES;
				CLANG_WARN_INFINITE_RECURSION = YES;
				CLANG_WARN_INT_CONVERSION = YES;
				CLANG_WARN_NON_LITERAL_NULL_CONVERSION = YES;
				CLANG_WARN_OBJC_IMPLICIT_RETAIN_SELF = YES;
				CLANG_WARN_OBJC_LITERAL_CONVERSION = YES;
				CLANG_WARN_OBJC_ROOT_CLASS = YES_ERROR;
				CLANG_WARN_QUOTED_INCLUDE_IN_FRAMEWORK_HEADER = YES;
				CLANG_WARN_RANGE_LOOP_ANALYSIS = YES;
				CLANG_WARN_STRICT_PROTOTYPES = YES;
				CLANG_WARN_SUSPICIOUS_MOVE = YES;
				CLANG_WARN_UNGUARDED_AVAILABILITY = YES_AGGRESSIVE;
				CLANG_WARN_UNREACHABLE_CODE = YES;
				CLANG_WARN__DUPLICATE_METHOD_MATCH = YES;
				COPY_PHASE_STRIP = NO;
				DEBUG_INFORMATION_FORMAT = dwarf;
				ENABLE_STRICT_OBJC_MSGSEND = YES;
				ENABLE_TESTABILITY = YES;
				GCC_C_LANGUAGE_STANDARD = gnu11;
				GCC_DYNAMIC_NO_PIC = NO;
				GCC_NO_COMMON_BLOCKS = YES;
				GCC_OPTIMIZATION_LEVEL = 0;
				GCC_PREPROCESSOR_DEFINITIONS = (
					"DEBUG=1",
					"$(inherited)",
				);
				GCC_WARN_64_TO_32_BIT_CONVERSION = YES;
				GCC_WARN_ABOUT_RETURN_TYPE = YES_ERROR;
				GCC_WARN_UNDECLARED_SELECTOR = YES;
				GCC_WARN_UNINITIALIZED_AUTOS = YES_AGGRESSIVE;
				GCC_WARN_UNUSED_FUNCTION = YES;
				GCC_WARN_UNUSED_VARIABLE = YES;
				IPHONEOS_DEPLOYMENT_TARGET = 16.4;
				MTL_ENABLE_DEBUG_INFO = INCLUDE_SOURCE;
				MTL_FAST_MATH = YES;
				ONLY_ACTIVE_ARCH = YES;
				SDKROOT = iphoneos;
				SWIFT_ACTIVE_COMPILATION_CONDITIONS = DEBUG;
				SWIFT_OPTIMIZATION_LEVEL = "-Onone";
			};
			name = Debug;
		};
		21BDDE812AB074B700BFF4B2 /* Release */ = {
			isa = XCBuildConfiguration;
			buildSettings = {
				ALWAYS_SEARCH_USER_PATHS = NO;
				CLANG_ANALYZER_NONNULL = YES;
				CLANG_ANALYZER_NUMBER_OBJECT_CONVERSION = YES_AGGRESSIVE;
				CLANG_CXX_LANGUAGE_STANDARD = "gnu++20";
				CLANG_ENABLE_MODULES = YES;
				CLANG_ENABLE_OBJC_ARC = YES;
				CLANG_ENABLE_OBJC_WEAK = YES;
				CLANG_WARN_BLOCK_CAPTURE_AUTORELEASING = YES;
				CLANG_WARN_BOOL_CONVERSION = YES;
				CLANG_WARN_COMMA = YES;
				CLANG_WARN_CONSTANT_CONVERSION = YES;
				CLANG_WARN_DEPRECATED_OBJC_IMPLEMENTATIONS = YES;
				CLANG_WARN_DIRECT_OBJC_ISA_USAGE = YES_ERROR;
				CLANG_WARN_DOCUMENTATION_COMMENTS = YES;
				CLANG_WARN_EMPTY_BODY = YES;
				CLANG_WARN_ENUM_CONVERSION = YES;
				CLANG_WARN_INFINITE_RECURSION = YES;
				CLANG_WARN_INT_CONVERSION = YES;
				CLANG_WARN_NON_LITERAL_NULL_CONVERSION = YES;
				CLANG_WARN_OBJC_IMPLICIT_RETAIN_SELF = YES;
				CLANG_WARN_OBJC_LITERAL_CONVERSION = YES;
				CLANG_WARN_OBJC_ROOT_CLASS = YES_ERROR;
				CLANG_WARN_QUOTED_INCLUDE_IN_FRAMEWORK_HEADER = YES;
				CLANG_WARN_RANGE_LOOP_ANALYSIS = YES;
				CLANG_WARN_STRICT_PROTOTYPES = YES;
				CLANG_WARN_SUSPICIOUS_MOVE = YES;
				CLANG_WARN_UNGUARDED_AVAILABILITY = YES_AGGRESSIVE;
				CLANG_WARN_UNREACHABLE_CODE = YES;
				CLANG_WARN__DUPLICATE_METHOD_MATCH = YES;
				COPY_PHASE_STRIP = NO;
				DEBUG_INFORMATION_FORMAT = "dwarf-with-dsym";
				ENABLE_NS_ASSERTIONS = NO;
				ENABLE_STRICT_OBJC_MSGSEND = YES;
				GCC_C_LANGUAGE_STANDARD = gnu11;
				GCC_NO_COMMON_BLOCKS = YES;
				GCC_WARN_64_TO_32_BIT_CONVERSION = YES;
				GCC_WARN_ABOUT_RETURN_TYPE = YES_ERROR;
				GCC_WARN_UNDECLARED_SELECTOR = YES;
				GCC_WARN_UNINITIALIZED_AUTOS = YES_AGGRESSIVE;
				GCC_WARN_UNUSED_FUNCTION = YES;
				GCC_WARN_UNUSED_VARIABLE = YES;
				IPHONEOS_DEPLOYMENT_TARGET = 16.4;
				MTL_ENABLE_DEBUG_INFO = NO;
				MTL_FAST_MATH = YES;
				SDKROOT = iphoneos;
				SWIFT_COMPILATION_MODE = wholemodule;
				SWIFT_OPTIMIZATION_LEVEL = "-O";
				VALIDATE_PRODUCT = YES;
			};
			name = Release;
		};
		21BDDE832AB074B700BFF4B2 /* Debug */ = {
			isa = XCBuildConfiguration;
			buildSettings = {
				ASSETCATALOG_COMPILER_APPICON_NAME = AppIcon;
				ASSETCATALOG_COMPILER_GLOBAL_ACCENT_COLOR_NAME = AccentColor;
				CODE_SIGN_STYLE = Automatic;
				CURRENT_PROJECT_VERSION = 1;
				GENERATE_INFOPLIST_FILE = YES;
				INFOPLIST_FILE = KeysocItunesSearchAppIOS/Info.plist;
				INFOPLIST_KEY_UIApplicationSupportsIndirectInputEvents = YES;
				INFOPLIST_KEY_UILaunchStoryboardName = LaunchScreen;
				INFOPLIST_KEY_UIMainStoryboardFile = Main;
				INFOPLIST_KEY_UISupportedInterfaceOrientations = UIInterfaceOrientationPortrait;
				INFOPLIST_KEY_UISupportedInterfaceOrientations_iPad = "UIInterfaceOrientationLandscapeLeft UIInterfaceOrientationLandscapeRight UIInterfaceOrientationPortrait UIInterfaceOrientationPortraitUpsideDown";
				LD_RUNPATH_SEARCH_PATHS = (
					"$(inherited)",
					"@executable_path/Frameworks",
				);
				MARKETING_VERSION = 1.0;
				PRODUCT_BUNDLE_IDENTIFIER = com.vp.keysoc.itunessearchapp.KeysocItunesSearchAppIOS;
				PRODUCT_NAME = "$(TARGET_NAME)";
				SUPPORTED_PLATFORMS = "iphoneos iphonesimulator";
				SUPPORTS_MACCATALYST = NO;
				SUPPORTS_MAC_DESIGNED_FOR_IPHONE_IPAD = NO;
				SWIFT_EMIT_LOC_STRINGS = YES;
				SWIFT_VERSION = 5.0;
				TARGETED_DEVICE_FAMILY = "1,2";
			};
			name = Debug;
		};
		21BDDE842AB074B700BFF4B2 /* Release */ = {
			isa = XCBuildConfiguration;
			buildSettings = {
				ASSETCATALOG_COMPILER_APPICON_NAME = AppIcon;
				ASSETCATALOG_COMPILER_GLOBAL_ACCENT_COLOR_NAME = AccentColor;
				CODE_SIGN_STYLE = Automatic;
				CURRENT_PROJECT_VERSION = 1;
				GENERATE_INFOPLIST_FILE = YES;
				INFOPLIST_FILE = KeysocItunesSearchAppIOS/Info.plist;
				INFOPLIST_KEY_UIApplicationSupportsIndirectInputEvents = YES;
				INFOPLIST_KEY_UILaunchStoryboardName = LaunchScreen;
				INFOPLIST_KEY_UIMainStoryboardFile = Main;
				INFOPLIST_KEY_UISupportedInterfaceOrientations = UIInterfaceOrientationPortrait;
				INFOPLIST_KEY_UISupportedInterfaceOrientations_iPad = "UIInterfaceOrientationLandscapeLeft UIInterfaceOrientationLandscapeRight UIInterfaceOrientationPortrait UIInterfaceOrientationPortraitUpsideDown";
				LD_RUNPATH_SEARCH_PATHS = (
					"$(inherited)",
					"@executable_path/Frameworks",
				);
				MARKETING_VERSION = 1.0;
				PRODUCT_BUNDLE_IDENTIFIER = com.vp.keysoc.itunessearchapp.KeysocItunesSearchAppIOS;
				PRODUCT_NAME = "$(TARGET_NAME)";
				SUPPORTED_PLATFORMS = "iphoneos iphonesimulator";
				SUPPORTS_MACCATALYST = NO;
				SUPPORTS_MAC_DESIGNED_FOR_IPHONE_IPAD = NO;
				SWIFT_EMIT_LOC_STRINGS = YES;
				SWIFT_VERSION = 5.0;
				TARGETED_DEVICE_FAMILY = "1,2";
			};
			name = Release;
		};
		21BDDE862AB074B700BFF4B2 /* Debug */ = {
			isa = XCBuildConfiguration;
			buildSettings = {
				ALWAYS_EMBED_SWIFT_STANDARD_LIBRARIES = YES;
				BUNDLE_LOADER = "$(TEST_HOST)";
				CODE_SIGN_STYLE = Automatic;
				CURRENT_PROJECT_VERSION = 1;
				GENERATE_INFOPLIST_FILE = YES;
				IPHONEOS_DEPLOYMENT_TARGET = 16.4;
				MARKETING_VERSION = 1.0;
				PRODUCT_BUNDLE_IDENTIFIER = com.vp.keysoc.itunessearchapp.KeysocItunesSearchAppIOSTests;
				PRODUCT_NAME = "$(TARGET_NAME)";
				SWIFT_EMIT_LOC_STRINGS = NO;
				SWIFT_VERSION = 5.0;
				TARGETED_DEVICE_FAMILY = "1,2";
				TEST_HOST = "$(BUILT_PRODUCTS_DIR)/KeysocItunesSearchAppIOS.app/$(BUNDLE_EXECUTABLE_FOLDER_PATH)/KeysocItunesSearchAppIOS";
			};
			name = Debug;
		};
		21BDDE872AB074B700BFF4B2 /* Release */ = {
			isa = XCBuildConfiguration;
			buildSettings = {
				ALWAYS_EMBED_SWIFT_STANDARD_LIBRARIES = YES;
				BUNDLE_LOADER = "$(TEST_HOST)";
				CODE_SIGN_STYLE = Automatic;
				CURRENT_PROJECT_VERSION = 1;
				GENERATE_INFOPLIST_FILE = YES;
				IPHONEOS_DEPLOYMENT_TARGET = 16.4;
				MARKETING_VERSION = 1.0;
				PRODUCT_BUNDLE_IDENTIFIER = com.vp.keysoc.itunessearchapp.KeysocItunesSearchAppIOSTests;
				PRODUCT_NAME = "$(TARGET_NAME)";
				SWIFT_EMIT_LOC_STRINGS = NO;
				SWIFT_VERSION = 5.0;
				TARGETED_DEVICE_FAMILY = "1,2";
				TEST_HOST = "$(BUILT_PRODUCTS_DIR)/KeysocItunesSearchAppIOS.app/$(BUNDLE_EXECUTABLE_FOLDER_PATH)/KeysocItunesSearchAppIOS";
			};
			name = Release;
		};
		21BDDE892AB074B700BFF4B2 /* Debug */ = {
			isa = XCBuildConfiguration;
			buildSettings = {
				ALWAYS_EMBED_SWIFT_STANDARD_LIBRARIES = YES;
				CODE_SIGN_STYLE = Automatic;
				CURRENT_PROJECT_VERSION = 1;
				GENERATE_INFOPLIST_FILE = YES;
				MARKETING_VERSION = 1.0;
				PRODUCT_BUNDLE_IDENTIFIER = com.vp.keysoc.itunessearchapp.KeysocItunesSearchAppIOSUITests;
				PRODUCT_NAME = "$(TARGET_NAME)";
				SWIFT_EMIT_LOC_STRINGS = NO;
				SWIFT_VERSION = 5.0;
				TARGETED_DEVICE_FAMILY = "1,2";
				TEST_TARGET_NAME = KeysocItunesSearchAppIOS;
			};
			name = Debug;
		};
		21BDDE8A2AB074B700BFF4B2 /* Release */ = {
			isa = XCBuildConfiguration;
			buildSettings = {
				ALWAYS_EMBED_SWIFT_STANDARD_LIBRARIES = YES;
				CODE_SIGN_STYLE = Automatic;
				CURRENT_PROJECT_VERSION = 1;
				GENERATE_INFOPLIST_FILE = YES;
				MARKETING_VERSION = 1.0;
				PRODUCT_BUNDLE_IDENTIFIER = com.vp.keysoc.itunessearchapp.KeysocItunesSearchAppIOSUITests;
				PRODUCT_NAME = "$(TARGET_NAME)";
				SWIFT_EMIT_LOC_STRINGS = NO;
				SWIFT_VERSION = 5.0;
				TARGETED_DEVICE_FAMILY = "1,2";
				TEST_TARGET_NAME = KeysocItunesSearchAppIOS;
			};
			name = Release;
		};
/* End XCBuildConfiguration section */

/* Begin XCConfigurationList section */
		21BDDE532AB074B500BFF4B2 /* Build configuration list for PBXProject "KeysocItunesSearchAppIOS" */ = {
			isa = XCConfigurationList;
			buildConfigurations = (
				21BDDE802AB074B700BFF4B2 /* Debug */,
				21BDDE812AB074B700BFF4B2 /* Release */,
			);
			defaultConfigurationIsVisible = 0;
			defaultConfigurationName = Release;
		};
		21BDDE822AB074B700BFF4B2 /* Build configuration list for PBXNativeTarget "KeysocItunesSearchAppIOS" */ = {
			isa = XCConfigurationList;
			buildConfigurations = (
				21BDDE832AB074B700BFF4B2 /* Debug */,
				21BDDE842AB074B700BFF4B2 /* Release */,
			);
			defaultConfigurationIsVisible = 0;
			defaultConfigurationName = Release;
		};
		21BDDE852AB074B700BFF4B2 /* Build configuration list for PBXNativeTarget "KeysocItunesSearchAppIOSTests" */ = {
			isa = XCConfigurationList;
			buildConfigurations = (
				21BDDE862AB074B700BFF4B2 /* Debug */,
				21BDDE872AB074B700BFF4B2 /* Release */,
			);
			defaultConfigurationIsVisible = 0;
			defaultConfigurationName = Release;
		};
		21BDDE882AB074B700BFF4B2 /* Build configuration list for PBXNativeTarget "KeysocItunesSearchAppIOSUITests" */ = {
			isa = XCConfigurationList;
			buildConfigurations = (
				21BDDE892AB074B700BFF4B2 /* Debug */,
				21BDDE8A2AB074B700BFF4B2 /* Release */,
			);
			defaultConfigurationIsVisible = 0;
			defaultConfigurationName = Release;
		};
/* End XCConfigurationList section */

/* Begin XCRemoteSwiftPackageReference section */
		21BDDE8F2AB09FB100BFF4B2 /* XCRemoteSwiftPackageReference "keysocitunessearchapiserviceios-swift" */ = {
			isa = XCRemoteSwiftPackageReference;
			repositoryURL = "https://gitlab.com/vanson1/keysocitunessearchapiserviceios-swift.git";
			requirement = {
				branch = main;
				kind = branch;
			};
		};
		21BDDEA12AB0C46700BFF4B2 /* XCRemoteSwiftPackageReference "SDWebImage" */ = {
			isa = XCRemoteSwiftPackageReference;
			repositoryURL = "https://github.com/SDWebImage/SDWebImage";
			requirement = {
				kind = upToNextMajorVersion;
				minimumVersion = 5.0.0;
			};
		};
/* End XCRemoteSwiftPackageReference section */

/* Begin XCSwiftPackageProductDependency section */
		21BDDE902AB09FB100BFF4B2 /* KeysocItunesSearchAPIServiceiOS-Swift */ = {
			isa = XCSwiftPackageProductDependency;
			package = 21BDDE8F2AB09FB100BFF4B2 /* XCRemoteSwiftPackageReference "keysocitunessearchapiserviceios-swift" */;
			productName = "KeysocItunesSearchAPIServiceiOS-Swift";
		};
		21BDDEA22AB0C46700BFF4B2 /* SDWebImage */ = {
			isa = XCSwiftPackageProductDependency;
			package = 21BDDEA12AB0C46700BFF4B2 /* XCRemoteSwiftPackageReference "SDWebImage" */;
			productName = SDWebImage;
		};
/* End XCSwiftPackageProductDependency section */
	};
	rootObject = 21BDDE502AB074B500BFF4B2 /* Project object */;
}
