// !$*UTF8*$!
{
	archiveVersion = 1;
	classes = {
	};
	objectVersion = 56;
	objects = {

/* Begin PBXBuildFile section */
		21BDDE5C2AB074B500BFF4B2 /* AppDelegate.swift in Sources */ = {isa = PBXBuildFile; fileRef = 21BDDE5B2AB074B500BFF4B2 /* AppDelegate.swift */; };
		21BDDE5E2AB074B500BFF4B2 /* SceneDelegate.swift in Sources */ = {isa = PBXBuildFile; fileRef = 21BDDE5D2AB074B500BFF4B2 /* SceneDelegate.swift */; };
		21BDDE632AB074B500BFF4B2 /* Main.storyboard in Resources */ = {isa = PBXBuildFile; fileRef = 21BDDE612AB074B500BFF4B2 /* Main.storyboard */; };
		21BDDE652AB074B700BFF4B2 /* Assets.xcassets in Resources */ = {isa = PBXBuildFile; fileRef = 21BDDE642AB074B700BFF4B2 /* Assets.xcassets */; };
		21BDDE682AB074B700BFF4B2 /* LaunchScreen.storyboard in Resources */ = {isa = PBXBuildFile; fileRef = 21BDDE662AB074B700BFF4B2 /* LaunchScreen.storyboard */; };
		21BDDE732AB074B700BFF4B2 /* KeysocItunesSearchAppIOSTests.swift in Sources */ = {isa = PBXBuildFile; fileRef = 21BDDE722AB074B700BFF4B2 /* KeysocItunesSearchAppIOSTests.swift */; };
		21BDDE7D2AB074B700BFF4B2 /* KeysocItunesSearchAppIOSUITests.swift in Sources */ = {isa = PBXBuildFile; fileRef = 21BDDE7C2AB074B700BFF4B2 /* KeysocItunesSearchAppIOSUITests.swift */; };
		21BDDE7F2AB074B700BFF4B2 /* KeysocItunesSearchAppIOSUITestsLaunchTests.swift in Sources */ = {isa = PBXBuildFile; fileRef = 21BDDE7E2AB074B700BFF4B2 /* KeysocItunesSearchAppIOSUITestsLaunchTests.swift */; };
		21BDDE912AB09FB100BFF4B2 /* KeysocItunesSearchAPIServiceiOS-Swift in Frameworks */ = {isa = PBXBuildFile; productRef = 21BDDE902AB09FB100BFF4B2 /* KeysocItunesSearchAPIServiceiOS-Swift */; };
		21BDDE952AB0BD1400BFF4B2 /* KCUIItunesAnyItemViewModel.swift in Sources */ = {isa = PBXBuildFile; fileRef = 21BDDE942AB0BD1400BFF4B2 /* KCUIItunesAnyItemViewModel.swift */; };
		21BDDE992AB0C08F00BFF4B2 /* ITunesMusicDetailsViewController.swift in Sources */ = {isa = PBXBuildFile; fileRef = 21BDDE982AB0C08F00BFF4B2 /* ITunesMusicDetailsViewController.swift */; };
		21BDDE9E2AB0C31700BFF4B2 /* KCUISongListCellHorizontal.swift in Sources */ = {isa = PBXBuildFile; fileRef = 21BDDE9D2AB0C31700BFF4B2 /* KCUISongListCellHorizontal.swift */; };
		21BDDEA02AB0C32000BFF4B2 /* KCUISongListCellHorizontal.xib in Resources */ = {isa = PBXBuildFile; fileRef = 21BDDE9F2AB0C32000BFF4B2 /* KCUISongListCellHorizontal.xib */; };
		21BDDEA32AB0C46700BFF4B2 /* SDWebImage in Frameworks */ = {isa = PBXBuildFile; productRef = 21BDDEA22AB0C46700BFF4B2 /* SDWebImage */; };
		21BDDEA82AB0CC1C00BFF4B2 /* KCUILabel.swift in Sources */ = {isa = PBXBuildFile; fileRef = 21BDDEA72AB0CC1C00BFF4B2 /* KCUILabel.swift */; };
		21BDDEAC2AB0D2D500BFF4B2 /* ITunesMusicDetailsViewController.xib in Resources */ = {isa = PBXBuildFile; fileRef = 21BDDEAB2AB0D2D500BFF4B2 /* ITunesMusicDetailsViewController.xib */; };
		21BDDEAE2AB0D62D00BFF4B2 /* KCUIPaginationViewModel.swift in Sources */ = {isa = PBXBuildFile; fileRef = 21BDDEAD2AB0D62D00BFF4B2 /* KCUIPaginationViewModel.swift */; };
		21BDDEB12AB0E3E300BFF4B2 /* AppLanguageManager.swift in Sources */ = {isa = PBXBuildFile; fileRef = 21BDDEB02AB0E3E300BFF4B2 /* AppLanguageManager.swift */; };
		21BDDEB52AB0E4E700BFF4B2 /* Localizable.strings in Resources */ = {isa = PBXBuildFile; fileRef = 21BDDEB72AB0E4E700BFF4B2 /* Localizable.strings */; };
		21BDDEBB2AB0E6CD00BFF4B2 /* KCUIRefreshControl.swift in Sources */ = {isa = PBXBuildFile; fileRef = 21BDDEBA2AB0E6CD00BFF4B2 /* KCUIRefreshControl.swift */; };
		21BDDEBE2AB0EC8900BFF4B2 /* String+i18n.swift in Sources */ = {isa = PBXBuildFile; fileRef = 21BDDEBD2AB0EC8900BFF4B2 /* String+i18n.swift */; };
		21BDDEC82AB1642400BFF4B2 /* ITunesSearchBundleListViewController.swift in Sources */ = {isa = PBXBuildFile; fileRef = 21BDDEC72AB1642400BFF4B2 /* ITunesSearchBundleListViewController.swift */; };
		21BDDECA2AB1642A00BFF4B2 /* ITunesSearchBundleListViewController.xib in Resources */ = {isa = PBXBuildFile; fileRef = 21BDDEC92AB1642A00BFF4B2 /* ITunesSearchBundleListViewController.xib */; };
		21BDDECC2AB169EF00BFF4B2 /* KCUIPageView.swift in Sources */ = {isa = PBXBuildFile; fileRef = 21BDDECB2AB169EF00BFF4B2 /* KCUIPageView.swift */; };
		21BDDED02AB1970400BFF4B2 /* ITunesMusicItemListViewController.swift in Sources */ = {isa = PBXBuildFile; fileRef = 21BDDECF2AB1970400BFF4B2 /* ITunesMusicItemListViewController.swift */; };
		21BDDED22AB1971200BFF4B2 /* ITunesMusicItemListViewController.xib in Resources */ = {isa = PBXBuildFile; fileRef = 21BDDED12AB1971200BFF4B2 /* ITunesMusicItemListViewController.xib */; };
		21BDDED42AB198FB00BFF4B2 /* KCUIItunesItemSongViewModel.swift in Sources */ = {isa = PBXBuildFile; fileRef = 21BDDED32AB198FB00BFF4B2 /* KCUIItunesItemSongViewModel.swift */; };
		21BDDED62AB1990B00BFF4B2 /* KCUIItunesItemAlbumViewModel.swift in Sources */ = {isa = PBXBuildFile; fileRef = 21BDDED52AB1990B00BFF4B2 /* KCUIItunesItemAlbumViewModel.swift */; };
		21BDDED82AB1992D00BFF4B2 /* KCUIItunesItemArtistViewModel.swift in Sources */ = {isa = PBXBuildFile; fileRef = 21BDDED72AB1992D00BFF4B2 /* KCUIItunesItemArtistViewModel.swift */; };
		21BDDEDB2AB19E5A00BFF4B2 /* DateHelper.swift in Sources */ = {isa = PBXBuildFile; fileRef = 21BDDEDA2AB19E5A00BFF4B2 /* DateHelper.swift */; };
		21BDDEDD2AB1A78600BFF4B2 /* KCUISearchBar.swift in Sources */ = {isa = PBXBuildFile; fileRef = 21BDDEDC2AB1A78600BFF4B2 /* KCUISearchBar.swift */; };
		21BDDEDF2AB1A97100BFF4B2 /* String+DateHelper.swift in Sources */ = {isa = PBXBuildFile; fileRef = 21BDDEDE2AB1A97100BFF4B2 /* String+DateHelper.swift */; };
		21BDDEE12AB1A97E00BFF4B2 /* Date+DateHelper.swift in Sources */ = {isa = PBXBuildFile; fileRef = 21BDDEE02AB1A97E00BFF4B2 /* Date+DateHelper.swift */; };
		21BDDEE32AB1AAD200BFF4B2 /* KCUITableView.swift in Sources */ = {isa = PBXBuildFile; fileRef = 21BDDEE22AB1AAD200BFF4B2 /* KCUITableView.swift */; };
		21BDDEE52AB1ABF900BFF4B2 /* RootViewController.swift in Sources */ = {isa = PBXBuildFile; fileRef = 21BDDEE42AB1ABF900BFF4B2 /* RootViewController.swift */; };
		21BDDEE72AB1B27300BFF4B2 /* KCUIViewController.swift in Sources */ = {isa = PBXBuildFile; fileRef = 21BDDEE62AB1B27300BFF4B2 /* KCUIViewController.swift */; };
		21BDDEE92AB1B4A000BFF4B2 /* SettingsViewController.swift in Sources */ = {isa = PBXBuildFile; fileRef = 21BDDEE82AB1B4A000BFF4B2 /* SettingsViewController.swift */; };
		21BDDEEB2AB1B52100BFF4B2 /* KCUISegmentedControl.swift in Sources */ = {isa = PBXBuildFile; fileRef = 21BDDEEA2AB1B52100BFF4B2 /* KCUISegmentedControl.swift */; };
		21BDDEED2AB1B7AB00BFF4B2 /* SettingsLanguagePickerViewController.swift in Sources */ = {isa = PBXBuildFile; fileRef = 21BDDEEC2AB1B7AB00BFF4B2 /* SettingsLanguagePickerViewController.swift */; };
		21BDDEEF2AB1B7C600BFF4B2 /* SettingsLanguagePickerViewController.xib in Resources */ = {isa = PBXBuildFile; fileRef = 21BDDEEE2AB1B7C600BFF4B2 /* SettingsLanguagePickerViewController.xib */; };
		21BDDEF12AB1B7DC00BFF4B2 /* SettingsViewController.xib in Resources */ = {isa = PBXBuildFile; fileRef = 21BDDEF02AB1B7DC00BFF4B2 /* SettingsViewController.xib */; };
		21BDDEF62AB1BE5100BFF4B2 /* KCUIGenericPickerViewController.swift in Sources */ = {isa = PBXBuildFile; fileRef = 21BDDEF52AB1BE5100BFF4B2 /* KCUIGenericPickerViewController.swift */; };
		21BDDEF82AB1BE5A00BFF4B2 /* KCUIGenericPickerViewController.xib in Resources */ = {isa = PBXBuildFile; fileRef = 21BDDEF72AB1BE5A00BFF4B2 /* KCUIGenericPickerViewController.xib */; };
		21BDDEFC2AB1C02800BFF4B2 /* KeysocItunesSearchApp.xcdatamodeld in Sources */ = {isa = PBXBuildFile; fileRef = 21BDDEFA2AB1C02800BFF4B2 /* KeysocItunesSearchApp.xcdatamodeld */; };
		21BDDF1B2AB1C1C200BFF4B2 /* ITunesMusicItemFavouriteListViewController.swift in Sources */ = {isa = PBXBuildFile; fileRef = 21BDDF1A2AB1C1C200BFF4B2 /* ITunesMusicItemFavouriteListViewController.swift */; };
		21BDDF1D2AB1C20100BFF4B2 /* KCUIItunesFavouriteAnyItemViewModel.swift in Sources */ = {isa = PBXBuildFile; fileRef = 21BDDF1C2AB1C20100BFF4B2 /* KCUIItunesFavouriteAnyItemViewModel.swift */; };
		21BDDF1F2AB1C31D00BFF4B2 /* ITunesMusicItemFavouriteListViewController.xib in Resources */ = {isa = PBXBuildFile; fileRef = 21BDDF1E2AB1C31D00BFF4B2 /* ITunesMusicItemFavouriteListViewController.xib */; };
		21BDDF212AB1C3DB00BFF4B2 /* AppCoreDataManager.swift in Sources */ = {isa = PBXBuildFile; fileRef = 21BDDF202AB1C3DB00BFF4B2 /* AppCoreDataManager.swift */; };
		21BDDF622AB1CC1A00BFF4B2 /* ITunesFavouriteBundleListViewController.swift in Sources */ = {isa = PBXBuildFile; fileRef = 21BDDF612AB1CC1A00BFF4B2 /* ITunesFavouriteBundleListViewController.swift */; };
		21BDDF642AB1CC6600BFF4B2 /* ITunesFavouriteBundleListViewController.xib in Resources */ = {isa = PBXBuildFile; fileRef = 21BDDF632AB1CC6600BFF4B2 /* ITunesFavouriteBundleListViewController.xib */; };
		21BDDF662AB1D49100BFF4B2 /* KCUIBarButtonItem.swift in Sources */ = {isa = PBXBuildFile; fileRef = 21BDDF652AB1D49100BFF4B2 /* KCUIBarButtonItem.swift */; };
		21BDDF7A2AB545E400BFF4B2 /* ITunesSearchFilterListViewController.swift in Sources */ = {isa = PBXBuildFile; fileRef = 21BDDF792AB545E400BFF4B2 /* ITunesSearchFilterListViewController.swift */; };
		21BDDF7C2AB545EB00BFF4B2 /* ITunesSearchFilterListViewController.xib in Resources */ = {isa = PBXBuildFile; fileRef = 21BDDF7B2AB545EB00BFF4B2 /* ITunesSearchFilterListViewController.xib */; };
		21BDDF7E2AB5478D00BFF4B2 /* KCUIGenericPickerCellViewModel.swift in Sources */ = {isa = PBXBuildFile; fileRef = 21BDDF7D2AB5478D00BFF4B2 /* KCUIGenericPickerCellViewModel.swift */; };
		21BDDF822AB560D800BFF4B2 /* KCUISubtitleTableViewCell.swift in Sources */ = {isa = PBXBuildFile; fileRef = 21BDDF812AB560D800BFF4B2 /* KCUISubtitleTableViewCell.swift */; };
		21BDDF842AB56F6F00BFF4B2 /* KCUITableSectionHeaderViewCell.swift in Sources */ = {isa = PBXBuildFile; fileRef = 21BDDF832AB56F6F00BFF4B2 /* KCUITableSectionHeaderViewCell.swift */; };
/* End PBXBuildFile section */

/* Begin PBXContainerItemProxy section */
		21BDDE6F2AB074B700BFF4B2 /* PBXContainerItemProxy */ = {
			isa = PBXContainerItemProxy;
			containerPortal = 21BDDE502AB074B500BFF4B2 /* Project object */;
			proxyType = 1;
			remoteGlobalIDString = 21BDDE572AB074B500BFF4B2;
			remoteInfo = KeysocItunesSearchAppIOS;
		};
		21BDDE792AB074B700BFF4B2 /* PBXContainerItemProxy */ = {
			isa = PBXContainerItemProxy;
			containerPortal = 21BDDE502AB074B500BFF4B2 /* Project object */;
			proxyType = 1;
			remoteGlobalIDString = 21BDDE572AB074B500BFF4B2;
			remoteInfo = KeysocItunesSearchAppIOS;
		};
/* End PBXContainerItemProxy section */

/* Begin PBXFileReference section */
		21BDDE582AB074B500BFF4B2 /* KeysocItunesSearchAppIOS.app */ = {isa = PBXFileReference; explicitFileType = wrapper.application; includeInIndex = 0; path = KeysocItunesSearchAppIOS.app; sourceTree = BUILT_PRODUCTS_DIR; };
		21BDDE5B2AB074B500BFF4B2 /* AppDelegate.swift */ = {isa = PBXFileReference; lastKnownFileType = sourcecode.swift; path = AppDelegate.swift; sourceTree = "<group>"; };
		21BDDE5D2AB074B500BFF4B2 /* SceneDelegate.swift */ = {isa = PBXFileReference; lastKnownFileType = sourcecode.swift; path = SceneDelegate.swift; sourceTree = "<group>"; };
		21BDDE622AB074B500BFF4B2 /* Base */ = {isa = PBXFileReference; lastKnownFileType = file.storyboard; name = Base; path = Base.lproj/Main.storyboard; sourceTree = "<group>"; };
		21BDDE642AB074B700BFF4B2 /* Assets.xcassets */ = {isa = PBXFileReference; lastKnownFileType = folder.assetcatalog; path = Assets.xcassets; sourceTree = "<group>"; };
		21BDDE672AB074B700BFF4B2 /* Base */ = {isa = PBXFileReference; lastKnownFileType = file.storyboard; name = Base; path = Base.lproj/LaunchScreen.storyboard; sourceTree = "<group>"; };
		21BDDE692AB074B700BFF4B2 /* Info.plist */ = {isa = PBXFileReference; lastKnownFileType = text.plist.xml; path = Info.plist; sourceTree = "<group>"; };
		21BDDE6E2AB074B700BFF4B2 /* KeysocItunesSearchAppIOSTests.xctest */ = {isa = PBXFileReference; explicitFileType = wrapper.cfbundle; includeInIndex = 0; path = KeysocItunesSearchAppIOSTests.xctest; sourceTree = BUILT_PRODUCTS_DIR; };
		21BDDE722AB074B700BFF4B2 /* KeysocItunesSearchAppIOSTests.swift */ = {isa = PBXFileReference; lastKnownFileType = sourcecode.swift; path = KeysocItunesSearchAppIOSTests.swift; sourceTree = "<group>"; };
		21BDDE782AB074B700BFF4B2 /* KeysocItunesSearchAppIOSUITests.xctest */ = {isa = PBXFileReference; explicitFileType = wrapper.cfbundle; includeInIndex = 0; path = KeysocItunesSearchAppIOSUITests.xctest; sourceTree = BUILT_PRODUCTS_DIR; };
		21BDDE7C2AB074B700BFF4B2 /* KeysocItunesSearchAppIOSUITests.swift */ = {isa = PBXFileReference; lastKnownFileType = sourcecode.swift; path = KeysocItunesSearchAppIOSUITests.swift; sourceTree = "<group>"; };
		21BDDE7E2AB074B700BFF4B2 /* KeysocItunesSearchAppIOSUITestsLaunchTests.swift */ = {isa = PBXFileReference; lastKnownFileType = sourcecode.swift; path = KeysocItunesSearchAppIOSUITestsLaunchTests.swift; sourceTree = "<group>"; };
		21BDDE942AB0BD1400BFF4B2 /* KCUIItunesAnyItemViewModel.swift */ = {isa = PBXFileReference; lastKnownFileType = sourcecode.swift; path = KCUIItunesAnyItemViewModel.swift; sourceTree = "<group>"; };
		21BDDE982AB0C08F00BFF4B2 /* ITunesMusicDetailsViewController.swift */ = {isa = PBXFileReference; lastKnownFileType = sourcecode.swift; path = ITunesMusicDetailsViewController.swift; sourceTree = "<group>"; };
		21BDDE9D2AB0C31700BFF4B2 /* KCUISongListCellHorizontal.swift */ = {isa = PBXFileReference; lastKnownFileType = sourcecode.swift; path = KCUISongListCellHorizontal.swift; sourceTree = "<group>"; };
		21BDDE9F2AB0C32000BFF4B2 /* KCUISongListCellHorizontal.xib */ = {isa = PBXFileReference; lastKnownFileType = file.xib; path = KCUISongListCellHorizontal.xib; sourceTree = "<group>"; };
		21BDDEA72AB0CC1C00BFF4B2 /* KCUILabel.swift */ = {isa = PBXFileReference; lastKnownFileType = sourcecode.swift; path = KCUILabel.swift; sourceTree = "<group>"; };
		21BDDEAB2AB0D2D500BFF4B2 /* ITunesMusicDetailsViewController.xib */ = {isa = PBXFileReference; lastKnownFileType = file.xib; path = ITunesMusicDetailsViewController.xib; sourceTree = "<group>"; };
		21BDDEAD2AB0D62D00BFF4B2 /* KCUIPaginationViewModel.swift */ = {isa = PBXFileReference; lastKnownFileType = sourcecode.swift; path = KCUIPaginationViewModel.swift; sourceTree = "<group>"; };
		21BDDEB02AB0E3E300BFF4B2 /* AppLanguageManager.swift */ = {isa = PBXFileReference; lastKnownFileType = sourcecode.swift; path = AppLanguageManager.swift; sourceTree = "<group>"; };
		21BDDEB62AB0E4E700BFF4B2 /* en */ = {isa = PBXFileReference; lastKnownFileType = text.plist.strings; name = en; path = en.lproj/Localizable.strings; sourceTree = "<group>"; };
		21BDDEB82AB0E4F500BFF4B2 /* zh-Hant */ = {isa = PBXFileReference; lastKnownFileType = text.plist.strings; name = "zh-Hant"; path = "zh-Hant.lproj/Localizable.strings"; sourceTree = "<group>"; };
		21BDDEB92AB0E4FA00BFF4B2 /* zh-Hans */ = {isa = PBXFileReference; lastKnownFileType = text.plist.strings; name = "zh-Hans"; path = "zh-Hans.lproj/Localizable.strings"; sourceTree = "<group>"; };
		21BDDEBA2AB0E6CD00BFF4B2 /* KCUIRefreshControl.swift */ = {isa = PBXFileReference; lastKnownFileType = sourcecode.swift; path = KCUIRefreshControl.swift; sourceTree = "<group>"; };
		21BDDEBD2AB0EC8900BFF4B2 /* String+i18n.swift */ = {isa = PBXFileReference; lastKnownFileType = sourcecode.swift; path = "String+i18n.swift"; sourceTree = "<group>"; };
		21BDDEC72AB1642400BFF4B2 /* ITunesSearchBundleListViewController.swift */ = {isa = PBXFileReference; lastKnownFileType = sourcecode.swift; path = ITunesSearchBundleListViewController.swift; sourceTree = "<group>"; };
		21BDDEC92AB1642A00BFF4B2 /* ITunesSearchBundleListViewController.xib */ = {isa = PBXFileReference; lastKnownFileType = file.xib; path = ITunesSearchBundleListViewController.xib; sourceTree = "<group>"; };
		21BDDECB2AB169EF00BFF4B2 /* KCUIPageView.swift */ = {isa = PBXFileReference; lastKnownFileType = sourcecode.swift; path = KCUIPageView.swift; sourceTree = "<group>"; };
		21BDDECF2AB1970400BFF4B2 /* ITunesMusicItemListViewController.swift */ = {isa = PBXFileReference; lastKnownFileType = sourcecode.swift; path = ITunesMusicItemListViewController.swift; sourceTree = "<group>"; };
		21BDDED12AB1971200BFF4B2 /* ITunesMusicItemListViewController.xib */ = {isa = PBXFileReference; lastKnownFileType = file.xib; path = ITunesMusicItemListViewController.xib; sourceTree = "<group>"; };
		21BDDED32AB198FB00BFF4B2 /* KCUIItunesItemSongViewModel.swift */ = {isa = PBXFileReference; lastKnownFileType = sourcecode.swift; path = KCUIItunesItemSongViewModel.swift; sourceTree = "<group>"; };
		21BDDED52AB1990B00BFF4B2 /* KCUIItunesItemAlbumViewModel.swift */ = {isa = PBXFileReference; lastKnownFileType = sourcecode.swift; path = KCUIItunesItemAlbumViewModel.swift; sourceTree = "<group>"; };
		21BDDED72AB1992D00BFF4B2 /* KCUIItunesItemArtistViewModel.swift */ = {isa = PBXFileReference; lastKnownFileType = sourcecode.swift; path = KCUIItunesItemArtistViewModel.swift; sourceTree = "<group>"; };
		21BDDEDA2AB19E5A00BFF4B2 /* DateHelper.swift */ = {isa = PBXFileReference; lastKnownFileType = sourcecode.swift; path = DateHelper.swift; sourceTree = "<group>"; };
		21BDDEDC2AB1A78600BFF4B2 /* KCUISearchBar.swift */ = {isa = PBXFileReference; lastKnownFileType = sourcecode.swift; path = KCUISearchBar.swift; sourceTree = "<group>"; };
		21BDDEDE2AB1A97100BFF4B2 /* String+DateHelper.swift */ = {isa = PBXFileReference; lastKnownFileType = sourcecode.swift; path = "String+DateHelper.swift"; sourceTree = "<group>"; };
		21BDDEE02AB1A97E00BFF4B2 /* Date+DateHelper.swift */ = {isa = PBXFileReference; lastKnownFileType = sourcecode.swift; path = "Date+DateHelper.swift"; sourceTree = "<group>"; };
		21BDDEE22AB1AAD200BFF4B2 /* KCUITableView.swift */ = {isa = PBXFileReference; lastKnownFileType = sourcecode.swift; path = KCUITableView.swift; sourceTree = "<group>"; };
		21BDDEE42AB1ABF900BFF4B2 /* RootViewController.swift */ = {isa = PBXFileReference; lastKnownFileType = sourcecode.swift; path = RootViewController.swift; sourceTree = "<group>"; };
		21BDDEE62AB1B27300BFF4B2 /* KCUIViewController.swift */ = {isa = PBXFileReference; lastKnownFileType = sourcecode.swift; path = KCUIViewController.swift; sourceTree = "<group>"; };
		21BDDEE82AB1B4A000BFF4B2 /* SettingsViewController.swift */ = {isa = PBXFileReference; lastKnownFileType = sourcecode.swift; path = SettingsViewController.swift; sourceTree = "<group>"; };
		21BDDEEA2AB1B52100BFF4B2 /* KCUISegmentedControl.swift */ = {isa = PBXFileReference; lastKnownFileType = sourcecode.swift; path = KCUISegmentedControl.swift; sourceTree = "<group>"; };
		21BDDEEC2AB1B7AB00BFF4B2 /* SettingsLanguagePickerViewController.swift */ = {isa = PBXFileReference; lastKnownFileType = sourcecode.swift; path = SettingsLanguagePickerViewController.swift; sourceTree = "<group>"; };
		21BDDEEE2AB1B7C600BFF4B2 /* SettingsLanguagePickerViewController.xib */ = {isa = PBXFileReference; lastKnownFileType = file.xib; path = SettingsLanguagePickerViewController.xib; sourceTree = "<group>"; };
		21BDDEF02AB1B7DC00BFF4B2 /* SettingsViewController.xib */ = {isa = PBXFileReference; lastKnownFileType = file.xib; path = SettingsViewController.xib; sourceTree = "<group>"; };
		21BDDEF52AB1BE5100BFF4B2 /* KCUIGenericPickerViewController.swift */ = {isa = PBXFileReference; lastKnownFileType = sourcecode.swift; path = KCUIGenericPickerViewController.swift; sourceTree = "<group>"; };
		21BDDEF72AB1BE5A00BFF4B2 /* KCUIGenericPickerViewController.xib */ = {isa = PBXFileReference; lastKnownFileType = file.xib; path = KCUIGenericPickerViewController.xib; sourceTree = "<group>"; };
		21BDDEFB2AB1C02800BFF4B2 /* KeysocItunesSearchApp.xcdatamodel */ = {isa = PBXFileReference; lastKnownFileType = wrapper.xcdatamodel; path = KeysocItunesSearchApp.xcdatamodel; sourceTree = "<group>"; };
		21BDDF1A2AB1C1C200BFF4B2 /* ITunesMusicItemFavouriteListViewController.swift */ = {isa = PBXFileReference; lastKnownFileType = sourcecode.swift; path = ITunesMusicItemFavouriteListViewController.swift; sourceTree = "<group>"; };
		21BDDF1C2AB1C20100BFF4B2 /* KCUIItunesFavouriteAnyItemViewModel.swift */ = {isa = PBXFileReference; lastKnownFileType = sourcecode.swift; path = KCUIItunesFavouriteAnyItemViewModel.swift; sourceTree = "<group>"; };
		21BDDF1E2AB1C31D00BFF4B2 /* ITunesMusicItemFavouriteListViewController.xib */ = {isa = PBXFileReference; lastKnownFileType = file.xib; path = ITunesMusicItemFavouriteListViewController.xib; sourceTree = "<group>"; };
		21BDDF202AB1C3DB00BFF4B2 /* AppCoreDataManager.swift */ = {isa = PBXFileReference; lastKnownFileType = sourcecode.swift; path = AppCoreDataManager.swift; sourceTree = "<group>"; };
		21BDDF612AB1CC1A00BFF4B2 /* ITunesFavouriteBundleListViewController.swift */ = {isa = PBXFileReference; lastKnownFileType = sourcecode.swift; path = ITunesFavouriteBundleListViewController.swift; sourceTree = "<group>"; };
		21BDDF632AB1CC6600BFF4B2 /* ITunesFavouriteBundleListViewController.xib */ = {isa = PBXFileReference; lastKnownFileType = file.xib; path = ITunesFavouriteBundleListViewController.xib; sourceTree = "<group>"; };
		21BDDF652AB1D49100BFF4B2 /* KCUIBarButtonItem.swift */ = {isa = PBXFileReference; lastKnownFileType = sourcecode.swift; path = KCUIBarButtonItem.swift; sourceTree = "<group>"; };
		21BDDF792AB545E400BFF4B2 /* ITunesSearchFilterListViewController.swift */ = {isa = PBXFileReference; lastKnownFileType = sourcecode.swift; path = ITunesSearchFilterListViewController.swift; sourceTree = "<group>"; };
		21BDDF7B2AB545EB00BFF4B2 /* ITunesSearchFilterListViewController.xib */ = {isa = PBXFileReference; lastKnownFileType = file.xib; path = ITunesSearchFilterListViewController.xib; sourceTree = "<group>"; };
		21BDDF7D2AB5478D00BFF4B2 /* KCUIGenericPickerCellViewModel.swift */ = {isa = PBXFileReference; lastKnownFileType = sourcecode.swift; path = KCUIGenericPickerCellViewModel.swift; sourceTree = "<group>"; };
		21BDDF812AB560D800BFF4B2 /* KCUISubtitleTableViewCell.swift */ = {isa = PBXFileReference; lastKnownFileType = sourcecode.swift; path = KCUISubtitleTableViewCell.swift; sourceTree = "<group>"; };
		21BDDF832AB56F6F00BFF4B2 /* KCUITableSectionHeaderViewCell.swift */ = {isa = PBXFileReference; lastKnownFileType = sourcecode.swift; path = KCUITableSectionHeaderViewCell.swift; sourceTree = "<group>"; };
/* End PBXFileReference section */

/* Begin PBXFrameworksBuildPhase section */
		21BDDE552AB074B500BFF4B2 /* Frameworks */ = {
			isa = PBXFrameworksBuildPhase;
			buildActionMask = 2147483647;
			files = (
				21BDDEA32AB0C46700BFF4B2 /* SDWebImage in Frameworks */,
				21BDDE912AB09FB100BFF4B2 /* KeysocItunesSearchAPIServiceiOS-Swift in Frameworks */,
			);
			runOnlyForDeploymentPostprocessing = 0;
		};
		21BDDE6B2AB074B700BFF4B2 /* Frameworks */ = {
			isa = PBXFrameworksBuildPhase;
			buildActionMask = 2147483647;
			files = (
			);
			runOnlyForDeploymentPostprocessing = 0;
		};
		21BDDE752AB074B700BFF4B2 /* Frameworks */ = {
			isa = PBXFrameworksBuildPhase;
			buildActionMask = 2147483647;
			files = (
			);
			runOnlyForDeploymentPostprocessing = 0;
		};
/* End PBXFrameworksBuildPhase section */

/* Begin PBXGroup section */
		21BDDE4F2AB074B500BFF4B2 = {
			isa = PBXGroup;
			children = (
				21BDDE5A2AB074B500BFF4B2 /* KeysocItunesSearchAppIOS */,
				21BDDE712AB074B700BFF4B2 /* KeysocItunesSearchAppIOSTests */,
				21BDDE7B2AB074B700BFF4B2 /* KeysocItunesSearchAppIOSUITests */,
				21BDDE592AB074B500BFF4B2 /* Products */,
			);
			sourceTree = "<group>";
		};
		21BDDE592AB074B500BFF4B2 /* Products */ = {
			isa = PBXGroup;
			children = (
				21BDDE582AB074B500BFF4B2 /* KeysocItunesSearchAppIOS.app */,
				21BDDE6E2AB074B700BFF4B2 /* KeysocItunesSearchAppIOSTests.xctest */,
				21BDDE782AB074B700BFF4B2 /* KeysocItunesSearchAppIOSUITests.xctest */,
			);
			name = Products;
			sourceTree = "<group>";
		};
		21BDDE5A2AB074B500BFF4B2 /* KeysocItunesSearchAppIOS */ = {
			isa = PBXGroup;
			children = (
				21BDDEF92AB1BFFE00BFF4B2 /* CoreData */,
				21BDDEB22AB0E46A00BFF4B2 /* Localizables */,
				21BDDED92AB19E5000BFF4B2 /* Helpers */,
				21BDDEBC2AB0EC7C00BFF4B2 /* Extensions */,
				21BDDEAF2AB0E3D700BFF4B2 /* Managers */,
				21BDDEA62AB0CBF800BFF4B2 /* UIBaseClasses */,
				21BDDE9C2AB0C2E200BFF4B2 /* UIElements */,
				21BDDE932AB0B55000BFF4B2 /* ViewModels */,
				21BDDE922AB0B54800BFF4B2 /* ViewControllers */,
				21BDDE5B2AB074B500BFF4B2 /* AppDelegate.swift */,
				21BDDE5D2AB074B500BFF4B2 /* SceneDelegate.swift */,
				21BDDE612AB074B500BFF4B2 /* Main.storyboard */,
				21BDDE642AB074B700BFF4B2 /* Assets.xcassets */,
				21BDDE662AB074B700BFF4B2 /* LaunchScreen.storyboard */,
				21BDDE692AB074B700BFF4B2 /* Info.plist */,
			);
			path = KeysocItunesSearchAppIOS;
			sourceTree = "<group>";
		};
		21BDDE712AB074B700BFF4B2 /* KeysocItunesSearchAppIOSTests */ = {
			isa = PBXGroup;
			children = (
				21BDDE722AB074B700BFF4B2 /* KeysocItunesSearchAppIOSTests.swift */,
			);
			path = KeysocItunesSearchAppIOSTests;
			sourceTree = "<group>";
		};
		21BDDE7B2AB074B700BFF4B2 /* KeysocItunesSearchAppIOSUITests */ = {
			isa = PBXGroup;
			children = (
				21BDDE7C2AB074B700BFF4B2 /* KeysocItunesSearchAppIOSUITests.swift */,
				21BDDE7E2AB074B700BFF4B2 /* KeysocItunesSearchAppIOSUITestsLaunchTests.swift */,
			);
			path = KeysocItunesSearchAppIOSUITests;
			sourceTree = "<group>";
		};
		21BDDE922AB0B54800BFF4B2 /* ViewControllers */ = {
			isa = PBXGroup;
			children = (
				21BDDEF42AB1BE4700BFF4B2 /* Generic */,
				21BDDEF22AB1BE1700BFF4B2 /* ITunesSearch */,
				21BDDEE82AB1B4A000BFF4B2 /* SettingsViewController.swift */,
				21BDDEF02AB1B7DC00BFF4B2 /* SettingsViewController.xib */,
				21BDDEEC2AB1B7AB00BFF4B2 /* SettingsLanguagePickerViewController.swift */,
				21BDDEEE2AB1B7C600BFF4B2 /* SettingsLanguagePickerViewController.xib */,
				21BDDEE42AB1ABF900BFF4B2 /* RootViewController.swift */,
			);
			path = ViewControllers;
			sourceTree = "<group>";
		};
		21BDDE932AB0B55000BFF4B2 /* ViewModels */ = {
			isa = PBXGroup;
			children = (
				21BDDEAD2AB0D62D00BFF4B2 /* KCUIPaginationViewModel.swift */,
				21BDDE942AB0BD1400BFF4B2 /* KCUIItunesAnyItemViewModel.swift */,
				21BDDED32AB198FB00BFF4B2 /* KCUIItunesItemSongViewModel.swift */,
				21BDDED52AB1990B00BFF4B2 /* KCUIItunesItemAlbumViewModel.swift */,
				21BDDED72AB1992D00BFF4B2 /* KCUIItunesItemArtistViewModel.swift */,
				21BDDF1C2AB1C20100BFF4B2 /* KCUIItunesFavouriteAnyItemViewModel.swift */,
				21BDDF7D2AB5478D00BFF4B2 /* KCUIGenericPickerCellViewModel.swift */,
			);
			path = ViewModels;
			sourceTree = "<group>";
		};
		21BDDE9C2AB0C2E200BFF4B2 /* UIElements */ = {
			isa = PBXGroup;
			children = (
				21BDDE9D2AB0C31700BFF4B2 /* KCUISongListCellHorizontal.swift */,
				21BDDE9F2AB0C32000BFF4B2 /* KCUISongListCellHorizontal.xib */,
				21BDDECB2AB169EF00BFF4B2 /* KCUIPageView.swift */,
				21BDDF812AB560D800BFF4B2 /* KCUISubtitleTableViewCell.swift */,
				21BDDF832AB56F6F00BFF4B2 /* KCUITableSectionHeaderViewCell.swift */,
			);
			path = UIElements;
			sourceTree = "<group>";
		};
		21BDDEA62AB0CBF800BFF4B2 /* UIBaseClasses */ = {
			isa = PBXGroup;
			children = (
				21BDDEA72AB0CC1C00BFF4B2 /* KCUILabel.swift */,
				21BDDEBA2AB0E6CD00BFF4B2 /* KCUIRefreshControl.swift */,
				21BDDEDC2AB1A78600BFF4B2 /* KCUISearchBar.swift */,
				21BDDEE22AB1AAD200BFF4B2 /* KCUITableView.swift */,
				21BDDEE62AB1B27300BFF4B2 /* KCUIViewController.swift */,
				21BDDEEA2AB1B52100BFF4B2 /* KCUISegmentedControl.swift */,
				21BDDF652AB1D49100BFF4B2 /* KCUIBarButtonItem.swift */,
			);
			path = UIBaseClasses;
			sourceTree = "<group>";
		};
		21BDDEAF2AB0E3D700BFF4B2 /* Managers */ = {
			isa = PBXGroup;
			children = (
				21BDDEB02AB0E3E300BFF4B2 /* AppLanguageManager.swift */,
				21BDDF202AB1C3DB00BFF4B2 /* AppCoreDataManager.swift */,
			);
			path = Managers;
			sourceTree = "<group>";
		};
		21BDDEB22AB0E46A00BFF4B2 /* Localizables */ = {
			isa = PBXGroup;
			children = (
				21BDDEB72AB0E4E700BFF4B2 /* Localizable.strings */,
			);
			path = Localizables;
			sourceTree = "<group>";
		};
		21BDDEBC2AB0EC7C00BFF4B2 /* Extensions */ = {
			isa = PBXGroup;
			children = (
				21BDDEBD2AB0EC8900BFF4B2 /* String+i18n.swift */,
				21BDDEDE2AB1A97100BFF4B2 /* String+DateHelper.swift */,
				21BDDEE02AB1A97E00BFF4B2 /* Date+DateHelper.swift */,
			);
			path = Extensions;
			sourceTree = "<group>";
		};
		21BDDED92AB19E5000BFF4B2 /* Helpers */ = {
			isa = PBXGroup;
			children = (
				21BDDEDA2AB19E5A00BFF4B2 /* DateHelper.swift */,
			);
			path = Helpers;
			sourceTree = "<group>";
		};
		21BDDEF22AB1BE1700BFF4B2 /* ITunesSearch */ = {
			isa = PBXGroup;
			children = (
				21BDDEC72AB1642400BFF4B2 /* ITunesSearchBundleListViewController.swift */,
				21BDDEC92AB1642A00BFF4B2 /* ITunesSearchBundleListViewController.xib */,
				21BDDECF2AB1970400BFF4B2 /* ITunesMusicItemListViewController.swift */,
				21BDDED12AB1971200BFF4B2 /* ITunesMusicItemListViewController.xib */,
				21BDDF612AB1CC1A00BFF4B2 /* ITunesFavouriteBundleListViewController.swift */,
				21BDDF632AB1CC6600BFF4B2 /* ITunesFavouriteBundleListViewController.xib */,
				21BDDF1A2AB1C1C200BFF4B2 /* ITunesMusicItemFavouriteListViewController.swift */,
				21BDDF1E2AB1C31D00BFF4B2 /* ITunesMusicItemFavouriteListViewController.xib */,
				21BDDE982AB0C08F00BFF4B2 /* ITunesMusicDetailsViewController.swift */,
				21BDDEAB2AB0D2D500BFF4B2 /* ITunesMusicDetailsViewController.xib */,
				21BDDF792AB545E400BFF4B2 /* ITunesSearchFilterListViewController.swift */,
				21BDDF7B2AB545EB00BFF4B2 /* ITunesSearchFilterListViewController.xib */,
			);
			path = ITunesSearch;
			sourceTree = "<group>";
		};
		21BDDEF42AB1BE4700BFF4B2 /* Generic */ = {
			isa = PBXGroup;
			children = (
				21BDDEF52AB1BE5100BFF4B2 /* KCUIGenericPickerViewController.swift */,
				21BDDEF72AB1BE5A00BFF4B2 /* KCUIGenericPickerViewController.xib */,
			);
			path = Generic;
			sourceTree = "<group>";
		};
		21BDDEF92AB1BFFE00BFF4B2 /* CoreData */ = {
			isa = PBXGroup;
			children = (
				21BDDEFA2AB1C02800BFF4B2 /* KeysocItunesSearchApp.xcdatamodeld */,
			);
			path = CoreData;
			sourceTree = "<group>";
		};
/* End PBXGroup section */

/* Begin PBXNativeTarget section */
		21BDDE572AB074B500BFF4B2 /* KeysocItunesSearchAppIOS */ = {
			isa = PBXNativeTarget;
			buildConfigurationList = 21BDDE822AB074B700BFF4B2 /* Build configuration list for PBXNativeTarget "KeysocItunesSearchAppIOS" */;
			buildPhases = (
				21BDDE542AB074B500BFF4B2 /* Sources */,
				21BDDE552AB074B500BFF4B2 /* Frameworks */,
				21BDDE562AB074B500BFF4B2 /* Resources */,
			);
			buildRules = (
			);
			dependencies = (
			);
			name = KeysocItunesSearchAppIOS;
			packageProductDependencies = (
				21BDDE902AB09FB100BFF4B2 /* KeysocItunesSearchAPIServiceiOS-Swift */,
				21BDDEA22AB0C46700BFF4B2 /* SDWebImage */,
			);
			productName = KeysocItunesSearchAppIOS;
			productReference = 21BDDE582AB074B500BFF4B2 /* KeysocItunesSearchAppIOS.app */;
			productType = "com.apple.product-type.application";
		};
		21BDDE6D2AB074B700BFF4B2 /* KeysocItunesSearchAppIOSTests */ = {
			isa = PBXNativeTarget;
			buildConfigurationList = 21BDDE852AB074B700BFF4B2 /* Build configuration list for PBXNativeTarget "KeysocItunesSearchAppIOSTests" */;
			buildPhases = (
				21BDDE6A2AB074B700BFF4B2 /* Sources */,
				21BDDE6B2AB074B700BFF4B2 /* Frameworks */,
				21BDDE6C2AB074B700BFF4B2 /* Resources */,
			);
			buildRules = (
			);
			dependencies = (
				21BDDE702AB074B700BFF4B2 /* PBXTargetDependency */,
			);
			name = KeysocItunesSearchAppIOSTests;
			productName = KeysocItunesSearchAppIOSTests;
			productReference = 21BDDE6E2AB074B700BFF4B2 /* KeysocItunesSearchAppIOSTests.xctest */;
			productType = "com.apple.product-type.bundle.unit-test";
		};
		21BDDE772AB074B700BFF4B2 /* KeysocItunesSearchAppIOSUITests */ = {
			isa = PBXNativeTarget;
			buildConfigurationList = 21BDDE882AB074B700BFF4B2 /* Build configuration list for PBXNativeTarget "KeysocItunesSearchAppIOSUITests" */;
			buildPhases = (
				21BDDE742AB074B700BFF4B2 /* Sources */,
				21BDDE752AB074B700BFF4B2 /* Frameworks */,
				21BDDE762AB074B700BFF4B2 /* Resources */,
			);
			buildRules = (
			);
			dependencies = (
				21BDDE7A2AB074B700BFF4B2 /* PBXTargetDependency */,
			);
			name = KeysocItunesSearchAppIOSUITests;
			productName = KeysocItunesSearchAppIOSUITests;
			productReference = 21BDDE782AB074B700BFF4B2 /* KeysocItunesSearchAppIOSUITests.xctest */;
			productType = "com.apple.product-type.bundle.ui-testing";
		};
/* End PBXNativeTarget section */

/* Begin PBXProject section */
		21BDDE502AB074B500BFF4B2 /* Project object */ = {
			isa = PBXProject;
			attributes = {
				BuildIndependentTargetsInParallel = 1;
				LastSwiftUpdateCheck = 1430;
				LastUpgradeCheck = 1430;
				TargetAttributes = {
					21BDDE572AB074B500BFF4B2 = {
						CreatedOnToolsVersion = 14.3.1;
					};
					21BDDE6D2AB074B700BFF4B2 = {
						CreatedOnToolsVersion = 14.3.1;
						TestTargetID = 21BDDE572AB074B500BFF4B2;
					};
					21BDDE772AB074B700BFF4B2 = {
						CreatedOnToolsVersion = 14.3.1;
						TestTargetID = 21BDDE572AB074B500BFF4B2;
					};
				};
			};
			buildConfigurationList = 21BDDE532AB074B500BFF4B2 /* Build configuration list for PBXProject "KeysocItunesSearchAppIOS" */;
			compatibilityVersion = "Xcode 14.0";
			developmentRegion = en;
			hasScannedForEncodings = 0;
			knownRegions = (
				en,
				Base,
				"zh-Hant",
				"zh-Hans",
			);
			mainGroup = 21BDDE4F2AB074B500BFF4B2;
			packageReferences = (
				21BDDE8F2AB09FB100BFF4B2 /* XCRemoteSwiftPackageReference "keysocitunessearchapiserviceios-swift" */,
				21BDDEA12AB0C46700BFF4B2 /* XCRemoteSwiftPackageReference "SDWebImage" */,
			);
			productRefGroup = 21BDDE592AB074B500BFF4B2 /* Products */;
			projectDirPath = "";
			projectRoot = "";
			targets = (
				21BDDE572AB074B500BFF4B2 /* KeysocItunesSearchAppIOS */,
				21BDDE6D2AB074B700BFF4B2 /* KeysocItunesSearchAppIOSTests */,
				21BDDE772AB074B700BFF4B2 /* KeysocItunesSearchAppIOSUITests */,
			);
		};
/* End PBXProject section */

/* Begin PBXResourcesBuildPhase section */
		21BDDE562AB074B500BFF4B2 /* Resources */ = {
			isa = PBXResourcesBuildPhase;
			buildActionMask = 2147483647;
			files = (
				21BDDECA2AB1642A00BFF4B2 /* ITunesSearchBundleListViewController.xib in Resources */,
				21BDDE682AB074B700BFF4B2 /* LaunchScreen.storyboard in Resources */,
				21BDDED22AB1971200BFF4B2 /* ITunesMusicItemListViewController.xib in Resources */,
				21BDDF1F2AB1C31D00BFF4B2 /* ITunesMusicItemFavouriteListViewController.xib in Resources */,
				21BDDF7C2AB545EB00BFF4B2 /* ITunesSearchFilterListViewController.xib in Resources */,
				21BDDEAC2AB0D2D500BFF4B2 /* ITunesMusicDetailsViewController.xib in Resources */,
				21BDDEB52AB0E4E700BFF4B2 /* Localizable.strings in Resources */,
				21BDDE652AB074B700BFF4B2 /* Assets.xcassets in Resources */,
				21BDDEA02AB0C32000BFF4B2 /* KCUISongListCellHorizontal.xib in Resources */,
				21BDDE632AB074B500BFF4B2 /* Main.storyboard in Resources */,
				21BDDEEF2AB1B7C600BFF4B2 /* SettingsLanguagePickerViewController.xib in Resources */,
				21BDDF642AB1CC6600BFF4B2 /* ITunesFavouriteBundleListViewController.xib in Resources */,
				21BDDEF82AB1BE5A00BFF4B2 /* KCUIGenericPickerViewController.xib in Resources */,
				21BDDEF12AB1B7DC00BFF4B2 /* SettingsViewController.xib in Resources */,
			);
			runOnlyForDeploymentPostprocessing = 0;
		};
		21BDDE6C2AB074B700BFF4B2 /* Resources */ = {
			isa = PBXResourcesBuildPhase;
			buildActionMask = 2147483647;
			files = (
			);
			runOnlyForDeploymentPostprocessing = 0;
		};
		21BDDE762AB074B700BFF4B2 /* Resources */ = {
			isa = PBXResourcesBuildPhase;
			buildActionMask = 2147483647;
			files = (
			);
			runOnlyForDeploymentPostprocessing = 0;
		};
/* End PBXResourcesBuildPhase section */

/* Begin PBXSourcesBuildPhase section */
		21BDDE542AB074B500BFF4B2 /* Sources */ = {
			isa = PBXSourcesBuildPhase;
			buildActionMask = 2147483647;
			files = (
				21BDDED62AB1990B00BFF4B2 /* KCUIItunesItemAlbumViewModel.swift in Sources */,
				21BDDEE52AB1ABF900BFF4B2 /* RootViewController.swift in Sources */,
				21BDDE952AB0BD1400BFF4B2 /* KCUIItunesAnyItemViewModel.swift in Sources */,
				21BDDE5C2AB074B500BFF4B2 /* AppDelegate.swift in Sources */,
				21BDDF7E2AB5478D00BFF4B2 /* KCUIGenericPickerCellViewModel.swift in Sources */,
				21BDDF822AB560D800BFF4B2 /* KCUISubtitleTableViewCell.swift in Sources */,
				21BDDF7A2AB545E400BFF4B2 /* ITunesSearchFilterListViewController.swift in Sources */,
				21BDDEDD2AB1A78600BFF4B2 /* KCUISearchBar.swift in Sources */,
				21BDDED42AB198FB00BFF4B2 /* KCUIItunesItemSongViewModel.swift in Sources */,
				21BDDEDB2AB19E5A00BFF4B2 /* DateHelper.swift in Sources */,
				21BDDEAE2AB0D62D00BFF4B2 /* KCUIPaginationViewModel.swift in Sources */,
				21BDDEF62AB1BE5100BFF4B2 /* KCUIGenericPickerViewController.swift in Sources */,
				21BDDF212AB1C3DB00BFF4B2 /* AppCoreDataManager.swift in Sources */,
				21BDDF622AB1CC1A00BFF4B2 /* ITunesFavouriteBundleListViewController.swift in Sources */,
				21BDDEB12AB0E3E300BFF4B2 /* AppLanguageManager.swift in Sources */,
				21BDDED02AB1970400BFF4B2 /* ITunesMusicItemListViewController.swift in Sources */,
				21BDDE9E2AB0C31700BFF4B2 /* KCUISongListCellHorizontal.swift in Sources */,
				21BDDEE32AB1AAD200BFF4B2 /* KCUITableView.swift in Sources */,
				21BDDE5E2AB074B500BFF4B2 /* SceneDelegate.swift in Sources */,
				21BDDEE72AB1B27300BFF4B2 /* KCUIViewController.swift in Sources */,
				21BDDEE12AB1A97E00BFF4B2 /* Date+DateHelper.swift in Sources */,
				21BDDEED2AB1B7AB00BFF4B2 /* SettingsLanguagePickerViewController.swift in Sources */,
				21BDDE992AB0C08F00BFF4B2 /* ITunesMusicDetailsViewController.swift in Sources */,
				21BDDF1B2AB1C1C200BFF4B2 /* ITunesMusicItemFavouriteListViewController.swift in Sources */,
				21BDDEBE2AB0EC8900BFF4B2 /* String+i18n.swift in Sources */,
				21BDDEFC2AB1C02800BFF4B2 /* KeysocItunesSearchApp.xcdatamodeld in Sources */,
				21BDDEA82AB0CC1C00BFF4B2 /* KCUILabel.swift in Sources */,
				21BDDED82AB1992D00BFF4B2 /* KCUIItunesItemArtistViewModel.swift in Sources */,
				21BDDEC82AB1642400BFF4B2 /* ITunesSearchBundleListViewController.swift in Sources */,
				21BDDF842AB56F6F00BFF4B2 /* KCUITableSectionHeaderViewCell.swift in Sources */,
				21BDDF1D2AB1C20100BFF4B2 /* KCUIItunesFavouriteAnyItemViewModel.swift in Sources */,
				21BDDEEB2AB1B52100BFF4B2 /* KCUISegmentedControl.swift in Sources */,
				21BDDECC2AB169EF00BFF4B2 /* KCUIPageView.swift in Sources */,
				21BDDEDF2AB1A97100BFF4B2 /* String+DateHelper.swift in Sources */,
				21BDDEBB2AB0E6CD00BFF4B2 /* KCUIRefreshControl.swift in Sources */,
				21BDDEE92AB1B4A000BFF4B2 /* SettingsViewController.swift in Sources */,
				21BDDF662AB1D49100BFF4B2 /* KCUIBarButtonItem.swift in Sources */,
			);
			runOnlyForDeploymentPostprocessing = 0;
		};
		21BDDE6A2AB074B700BFF4B2 /* Sources */ = {
			isa = PBXSourcesBuildPhase;
			buildActionMask = 2147483647;
			files = (
				21BDDE732AB074B700BFF4B2 /* KeysocItunesSearchAppIOSTests.swift in Sources */,
			);
			runOnlyForDeploymentPostprocessing = 0;
		};
		21BDDE742AB074B700BFF4B2 /* Sources */ = {
			isa = PBXSourcesBuildPhase;
			buildActionMask = 2147483647;
			files = (
				21BDDE7F2AB074B700BFF4B2 /* KeysocItunesSearchAppIOSUITestsLaunchTests.swift in Sources */,
				21BDDE7D2AB074B700BFF4B2 /* KeysocItunesSearchAppIOSUITests.swift in Sources */,
			);
			runOnlyForDeploymentPostprocessing = 0;
		};
/* End PBXSourcesBuildPhase section */

/* Begin PBXTargetDependency section */
		21BDDE702AB074B700BFF4B2 /* PBXTargetDependency */ = {
			isa = PBXTargetDependency;
			target = 21BDDE572AB074B500BFF4B2 /* KeysocItunesSearchAppIOS */;
			targetProxy = 21BDDE6F2AB074B700BFF4B2 /* PBXContainerItemProxy */;
		};
		21BDDE7A2AB074B700BFF4B2 /* PBXTargetDependency */ = {
			isa = PBXTargetDependency;
			target = 21BDDE572AB074B500BFF4B2 /* KeysocItunesSearchAppIOS */;
			targetProxy = 21BDDE792AB074B700BFF4B2 /* PBXContainerItemProxy */;
		};
/* End PBXTargetDependency section */

/* Begin PBXVariantGroup section */
		21BDDE612AB074B500BFF4B2 /* Main.storyboard */ = {
			isa = PBXVariantGroup;
			children = (
				21BDDE622AB074B500BFF4B2 /* Base */,
			);
			name = Main.storyboard;
			sourceTree = "<group>";
		};
		21BDDE662AB074B700BFF4B2 /* LaunchScreen.storyboard */ = {
			isa = PBXVariantGroup;
			children = (
				21BDDE672AB074B700BFF4B2 /* Base */,
			);
			name = LaunchScreen.storyboard;
			sourceTree = "<group>";
		};
		21BDDEB72AB0E4E700BFF4B2 /* Localizable.strings */ = {
			isa = PBXVariantGroup;
			children = (
				21BDDEB62AB0E4E700BFF4B2 /* en */,
				21BDDEB82AB0E4F500BFF4B2 /* zh-Hant */,
				21BDDEB92AB0E4FA00BFF4B2 /* zh-Hans */,
			);
			name = Localizable.strings;
			sourceTree = "<group>";
		};
/* End PBXVariantGroup section */

/* Begin XCBuildConfiguration section */
		21BDDE802AB074B700BFF4B2 /* Debug */ = {
			isa = XCBuildConfiguration;
			buildSettings = {
				ALWAYS_SEARCH_USER_PATHS = NO;
				CLANG_ANALYZER_LOCALIZABILITY_NONLOCALIZED = YES;
				CLANG_ANALYZER_NONNULL = YES;
				CLANG_ANALYZER_NUMBER_OBJECT_CONVERSION = YES_AGGRESSIVE;
				CLANG_CXX_LANGUAGE_STANDARD = "gnu++20";
				CLANG_ENABLE_MODULES = YES;
				CLANG_ENABLE_OBJC_ARC = YES;
				CLANG_ENABLE_OBJC_WEAK = YES;
				CLANG_WARN_BLOCK_CAPTURE_AUTORELEASING = YES;
				CLANG_WARN_BOOL_CONVERSION = YES;
				CLANG_WARN_COMMA = YES;
				CLANG_WARN_CONSTANT_CONVERSION = YES;
				CLANG_WARN_DEPRECATED_OBJC_IMPLEMENTATIONS = YES;
				CLANG_WARN_DIRECT_OBJC_ISA_USAGE = YES_ERROR;
				CLANG_WARN_DOCUMENTATION_COMMENTS = YES;
				CLANG_WARN_EMPTY_BODY = YES;
				CLANG_WARN_ENUM_CONVERSION = YES;
				CLANG_WARN_INFINITE_RECURSION = YES;
				CLANG_WARN_INT_CONVERSION = YES;
				CLANG_WARN_NON_LITERAL_NULL_CONVERSION = YES;
				CLANG_WARN_OBJC_IMPLICIT_RETAIN_SELF = YES;
				CLANG_WARN_OBJC_LITERAL_CONVERSION = YES;
				CLANG_WARN_OBJC_ROOT_CLASS = YES_ERROR;
				CLANG_WARN_QUOTED_INCLUDE_IN_FRAMEWORK_HEADER = YES;
				CLANG_WARN_RANGE_LOOP_ANALYSIS = YES;
				CLANG_WARN_STRICT_PROTOTYPES = YES;
				CLANG_WARN_SUSPICIOUS_MOVE = YES;
				CLANG_WARN_UNGUARDED_AVAILABILITY = YES_AGGRESSIVE;
				CLANG_WARN_UNREACHABLE_CODE = YES;
				CLANG_WARN__DUPLICATE_METHOD_MATCH = YES;
				COPY_PHASE_STRIP = NO;
				DEBUG_INFORMATION_FORMAT = dwarf;
				ENABLE_STRICT_OBJC_MSGSEND = YES;
				ENABLE_TESTABILITY = YES;
				GCC_C_LANGUAGE_STANDARD = gnu11;
				GCC_DYNAMIC_NO_PIC = NO;
				GCC_NO_COMMON_BLOCKS = YES;
				GCC_OPTIMIZATION_LEVEL = 0;
				GCC_PREPROCESSOR_DEFINITIONS = (
					"DEBUG=1",
					"$(inherited)",
				);
				GCC_WARN_64_TO_32_BIT_CONVERSION = YES;
				GCC_WARN_ABOUT_RETURN_TYPE = YES_ERROR;
				GCC_WARN_UNDECLARED_SELECTOR = YES;
				GCC_WARN_UNINITIALIZED_AUTOS = YES_AGGRESSIVE;
				GCC_WARN_UNUSED_FUNCTION = YES;
				GCC_WARN_UNUSED_VARIABLE = YES;
				IPHONEOS_DEPLOYMENT_TARGET = 16.4;
				MTL_ENABLE_DEBUG_INFO = INCLUDE_SOURCE;
				MTL_FAST_MATH = YES;
				ONLY_ACTIVE_ARCH = YES;
				SDKROOT = iphoneos;
				SWIFT_ACTIVE_COMPILATION_CONDITIONS = DEBUG;
				SWIFT_OPTIMIZATION_LEVEL = "-Onone";
			};
			name = Debug;
		};
		21BDDE812AB074B700BFF4B2 /* Release */ = {
			isa = XCBuildConfiguration;
			buildSettings = {
				ALWAYS_SEARCH_USER_PATHS = NO;
				CLANG_ANALYZER_LOCALIZABILITY_NONLOCALIZED = YES;
				CLANG_ANALYZER_NONNULL = YES;
				CLANG_ANALYZER_NUMBER_OBJECT_CONVERSION = YES_AGGRESSIVE;
				CLANG_CXX_LANGUAGE_STANDARD = "gnu++20";
				CLANG_ENABLE_MODULES = YES;
				CLANG_ENABLE_OBJC_ARC = YES;
				CLANG_ENABLE_OBJC_WEAK = YES;
				CLANG_WARN_BLOCK_CAPTURE_AUTORELEASING = YES;
				CLANG_WARN_BOOL_CONVERSION = YES;
				CLANG_WARN_COMMA = YES;
				CLANG_WARN_CONSTANT_CONVERSION = YES;
				CLANG_WARN_DEPRECATED_OBJC_IMPLEMENTATIONS = YES;
				CLANG_WARN_DIRECT_OBJC_ISA_USAGE = YES_ERROR;
				CLANG_WARN_DOCUMENTATION_COMMENTS = YES;
				CLANG_WARN_EMPTY_BODY = YES;
				CLANG_WARN_ENUM_CONVERSION = YES;
				CLANG_WARN_INFINITE_RECURSION = YES;
				CLANG_WARN_INT_CONVERSION = YES;
				CLANG_WARN_NON_LITERAL_NULL_CONVERSION = YES;
				CLANG_WARN_OBJC_IMPLICIT_RETAIN_SELF = YES;
				CLANG_WARN_OBJC_LITERAL_CONVERSION = YES;
				CLANG_WARN_OBJC_ROOT_CLASS = YES_ERROR;
				CLANG_WARN_QUOTED_INCLUDE_IN_FRAMEWORK_HEADER = YES;
				CLANG_WARN_RANGE_LOOP_ANALYSIS = YES;
				CLANG_WARN_STRICT_PROTOTYPES = YES;
				CLANG_WARN_SUSPICIOUS_MOVE = YES;
				CLANG_WARN_UNGUARDED_AVAILABILITY = YES_AGGRESSIVE;
				CLANG_WARN_UNREACHABLE_CODE = YES;
				CLANG_WARN__DUPLICATE_METHOD_MATCH = YES;
				COPY_PHASE_STRIP = NO;
				DEBUG_INFORMATION_FORMAT = "dwarf-with-dsym";
				ENABLE_NS_ASSERTIONS = NO;
				ENABLE_STRICT_OBJC_MSGSEND = YES;
				GCC_C_LANGUAGE_STANDARD = gnu11;
				GCC_NO_COMMON_BLOCKS = YES;
				GCC_WARN_64_TO_32_BIT_CONVERSION = YES;
				GCC_WARN_ABOUT_RETURN_TYPE = YES_ERROR;
				GCC_WARN_UNDECLARED_SELECTOR = YES;
				GCC_WARN_UNINITIALIZED_AUTOS = YES_AGGRESSIVE;
				GCC_WARN_UNUSED_FUNCTION = YES;
				GCC_WARN_UNUSED_VARIABLE = YES;
				IPHONEOS_DEPLOYMENT_TARGET = 16.4;
				MTL_ENABLE_DEBUG_INFO = NO;
				MTL_FAST_MATH = YES;
				SDKROOT = iphoneos;
				SWIFT_COMPILATION_MODE = wholemodule;
				SWIFT_OPTIMIZATION_LEVEL = "-O";
				VALIDATE_PRODUCT = YES;
			};
			name = Release;
		};
		21BDDE832AB074B700BFF4B2 /* Debug */ = {
			isa = XCBuildConfiguration;
			buildSettings = {
				ASSETCATALOG_COMPILER_APPICON_NAME = AppIcon;
				ASSETCATALOG_COMPILER_GLOBAL_ACCENT_COLOR_NAME = AccentColor;
				CODE_SIGN_STYLE = Automatic;
				CURRENT_PROJECT_VERSION = 1;
				GENERATE_INFOPLIST_FILE = YES;
				INFOPLIST_FILE = KeysocItunesSearchAppIOS/Info.plist;
				INFOPLIST_KEY_UIApplicationSupportsIndirectInputEvents = YES;
				INFOPLIST_KEY_UILaunchStoryboardName = LaunchScreen;
				INFOPLIST_KEY_UIMainStoryboardFile = Main;
				INFOPLIST_KEY_UISupportedInterfaceOrientations = UIInterfaceOrientationPortrait;
				INFOPLIST_KEY_UISupportedInterfaceOrientations_iPad = "UIInterfaceOrientationLandscapeLeft UIInterfaceOrientationLandscapeRight UIInterfaceOrientationPortrait UIInterfaceOrientationPortraitUpsideDown";
				LD_RUNPATH_SEARCH_PATHS = (
					"$(inherited)",
					"@executable_path/Frameworks",
				);
				MARKETING_VERSION = 1.0;
				PRODUCT_BUNDLE_IDENTIFIER = com.vp.keysoc.itunessearchapp.KeysocItunesSearchAppIOS;
				PRODUCT_NAME = "$(TARGET_NAME)";
				SUPPORTED_PLATFORMS = "iphoneos iphonesimulator";
				SUPPORTS_MACCATALYST = NO;
				SUPPORTS_MAC_DESIGNED_FOR_IPHONE_IPAD = NO;
				SWIFT_EMIT_LOC_STRINGS = YES;
				SWIFT_VERSION = 5.0;
				TARGETED_DEVICE_FAMILY = 1;
			};
			name = Debug;
		};
		21BDDE842AB074B700BFF4B2 /* Release */ = {
			isa = XCBuildConfiguration;
			buildSettings = {
				ASSETCATALOG_COMPILER_APPICON_NAME = AppIcon;
				ASSETCATALOG_COMPILER_GLOBAL_ACCENT_COLOR_NAME = AccentColor;
				CODE_SIGN_STYLE = Automatic;
				CURRENT_PROJECT_VERSION = 1;
				GENERATE_INFOPLIST_FILE = YES;
				INFOPLIST_FILE = KeysocItunesSearchAppIOS/Info.plist;
				INFOPLIST_KEY_UIApplicationSupportsIndirectInputEvents = YES;
				INFOPLIST_KEY_UILaunchStoryboardName = LaunchScreen;
				INFOPLIST_KEY_UIMainStoryboardFile = Main;
				INFOPLIST_KEY_UISupportedInterfaceOrientations = UIInterfaceOrientationPortrait;
				INFOPLIST_KEY_UISupportedInterfaceOrientations_iPad = "UIInterfaceOrientationLandscapeLeft UIInterfaceOrientationLandscapeRight UIInterfaceOrientationPortrait UIInterfaceOrientationPortraitUpsideDown";
				LD_RUNPATH_SEARCH_PATHS = (
					"$(inherited)",
					"@executable_path/Frameworks",
				);
				MARKETING_VERSION = 1.0;
				PRODUCT_BUNDLE_IDENTIFIER = com.vp.keysoc.itunessearchapp.KeysocItunesSearchAppIOS;
				PRODUCT_NAME = "$(TARGET_NAME)";
				SUPPORTED_PLATFORMS = "iphoneos iphonesimulator";
				SUPPORTS_MACCATALYST = NO;
				SUPPORTS_MAC_DESIGNED_FOR_IPHONE_IPAD = NO;
				SWIFT_EMIT_LOC_STRINGS = YES;
				SWIFT_VERSION = 5.0;
				TARGETED_DEVICE_FAMILY = 1;
			};
			name = Release;
		};
		21BDDE862AB074B700BFF4B2 /* Debug */ = {
			isa = XCBuildConfiguration;
			buildSettings = {
				ALWAYS_EMBED_SWIFT_STANDARD_LIBRARIES = YES;
				BUNDLE_LOADER = "$(TEST_HOST)";
				CODE_SIGN_STYLE = Automatic;
				CURRENT_PROJECT_VERSION = 1;
				GENERATE_INFOPLIST_FILE = YES;
				IPHONEOS_DEPLOYMENT_TARGET = 16.4;
				MARKETING_VERSION = 1.0;
				PRODUCT_BUNDLE_IDENTIFIER = com.vp.keysoc.itunessearchapp.KeysocItunesSearchAppIOSTests;
				PRODUCT_NAME = "$(TARGET_NAME)";
				SWIFT_EMIT_LOC_STRINGS = NO;
				SWIFT_VERSION = 5.0;
				TARGETED_DEVICE_FAMILY = "1,2";
				TEST_HOST = "$(BUILT_PRODUCTS_DIR)/KeysocItunesSearchAppIOS.app/$(BUNDLE_EXECUTABLE_FOLDER_PATH)/KeysocItunesSearchAppIOS";
			};
			name = Debug;
		};
		21BDDE872AB074B700BFF4B2 /* Release */ = {
			isa = XCBuildConfiguration;
			buildSettings = {
				ALWAYS_EMBED_SWIFT_STANDARD_LIBRARIES = YES;
				BUNDLE_LOADER = "$(TEST_HOST)";
				CODE_SIGN_STYLE = Automatic;
				CURRENT_PROJECT_VERSION = 1;
				GENERATE_INFOPLIST_FILE = YES;
				IPHONEOS_DEPLOYMENT_TARGET = 16.4;
				MARKETING_VERSION = 1.0;
				PRODUCT_BUNDLE_IDENTIFIER = com.vp.keysoc.itunessearchapp.KeysocItunesSearchAppIOSTests;
				PRODUCT_NAME = "$(TARGET_NAME)";
				SWIFT_EMIT_LOC_STRINGS = NO;
				SWIFT_VERSION = 5.0;
				TARGETED_DEVICE_FAMILY = "1,2";
				TEST_HOST = "$(BUILT_PRODUCTS_DIR)/KeysocItunesSearchAppIOS.app/$(BUNDLE_EXECUTABLE_FOLDER_PATH)/KeysocItunesSearchAppIOS";
			};
			name = Release;
		};
		21BDDE892AB074B700BFF4B2 /* Debug */ = {
			isa = XCBuildConfiguration;
			buildSettings = {
				ALWAYS_EMBED_SWIFT_STANDARD_LIBRARIES = YES;
				CODE_SIGN_STYLE = Automatic;
				CURRENT_PROJECT_VERSION = 1;
				GENERATE_INFOPLIST_FILE = YES;
				MARKETING_VERSION = 1.0;
				PRODUCT_BUNDLE_IDENTIFIER = com.vp.keysoc.itunessearchapp.KeysocItunesSearchAppIOSUITests;
				PRODUCT_NAME = "$(TARGET_NAME)";
				SWIFT_EMIT_LOC_STRINGS = NO;
				SWIFT_VERSION = 5.0;
				TARGETED_DEVICE_FAMILY = "1,2";
				TEST_TARGET_NAME = KeysocItunesSearchAppIOS;
			};
			name = Debug;
		};
		21BDDE8A2AB074B700BFF4B2 /* Release */ = {
			isa = XCBuildConfiguration;
			buildSettings = {
				ALWAYS_EMBED_SWIFT_STANDARD_LIBRARIES = YES;
				CODE_SIGN_STYLE = Automatic;
				CURRENT_PROJECT_VERSION = 1;
				GENERATE_INFOPLIST_FILE = YES;
				MARKETING_VERSION = 1.0;
				PRODUCT_BUNDLE_IDENTIFIER = com.vp.keysoc.itunessearchapp.KeysocItunesSearchAppIOSUITests;
				PRODUCT_NAME = "$(TARGET_NAME)";
				SWIFT_EMIT_LOC_STRINGS = NO;
				SWIFT_VERSION = 5.0;
				TARGETED_DEVICE_FAMILY = "1,2";
				TEST_TARGET_NAME = KeysocItunesSearchAppIOS;
			};
			name = Release;
		};
/* End XCBuildConfiguration section */

/* Begin XCConfigurationList section */
		21BDDE532AB074B500BFF4B2 /* Build configuration list for PBXProject "KeysocItunesSearchAppIOS" */ = {
			isa = XCConfigurationList;
			buildConfigurations = (
				21BDDE802AB074B700BFF4B2 /* Debug */,
				21BDDE812AB074B700BFF4B2 /* Release */,
			);
			defaultConfigurationIsVisible = 0;
			defaultConfigurationName = Release;
		};
		21BDDE822AB074B700BFF4B2 /* Build configuration list for PBXNativeTarget "KeysocItunesSearchAppIOS" */ = {
			isa = XCConfigurationList;
			buildConfigurations = (
				21BDDE832AB074B700BFF4B2 /* Debug */,
				21BDDE842AB074B700BFF4B2 /* Release */,
			);
			defaultConfigurationIsVisible = 0;
			defaultConfigurationName = Release;
		};
		21BDDE852AB074B700BFF4B2 /* Build configuration list for PBXNativeTarget "KeysocItunesSearchAppIOSTests" */ = {
			isa = XCConfigurationList;
			buildConfigurations = (
				21BDDE862AB074B700BFF4B2 /* Debug */,
				21BDDE872AB074B700BFF4B2 /* Release */,
			);
			defaultConfigurationIsVisible = 0;
			defaultConfigurationName = Release;
		};
		21BDDE882AB074B700BFF4B2 /* Build configuration list for PBXNativeTarget "KeysocItunesSearchAppIOSUITests" */ = {
			isa = XCConfigurationList;
			buildConfigurations = (
				21BDDE892AB074B700BFF4B2 /* Debug */,
				21BDDE8A2AB074B700BFF4B2 /* Release */,
			);
			defaultConfigurationIsVisible = 0;
			defaultConfigurationName = Release;
		};
/* End XCConfigurationList section */

/* Begin XCRemoteSwiftPackageReference section */
		21BDDE8F2AB09FB100BFF4B2 /* XCRemoteSwiftPackageReference "keysocitunessearchapiserviceios-swift" */ = {
			isa = XCRemoteSwiftPackageReference;
			repositoryURL = "https://gitlab.com/vanson1/keysocitunessearchapiserviceios-swift.git";
			requirement = {
				branch = main;
				kind = branch;
			};
		};
		21BDDEA12AB0C46700BFF4B2 /* XCRemoteSwiftPackageReference "SDWebImage" */ = {
			isa = XCRemoteSwiftPackageReference;
			repositoryURL = "https://github.com/SDWebImage/SDWebImage";
			requirement = {
				kind = upToNextMajorVersion;
				minimumVersion = 5.0.0;
			};
		};
/* End XCRemoteSwiftPackageReference section */

/* Begin XCSwiftPackageProductDependency section */
		21BDDE902AB09FB100BFF4B2 /* KeysocItunesSearchAPIServiceiOS-Swift */ = {
			isa = XCSwiftPackageProductDependency;
			package = 21BDDE8F2AB09FB100BFF4B2 /* XCRemoteSwiftPackageReference "keysocitunessearchapiserviceios-swift" */;
			productName = "KeysocItunesSearchAPIServiceiOS-Swift";
		};
		21BDDEA22AB0C46700BFF4B2 /* SDWebImage */ = {
			isa = XCSwiftPackageProductDependency;
			package = 21BDDEA12AB0C46700BFF4B2 /* XCRemoteSwiftPackageReference "SDWebImage" */;
			productName = SDWebImage;
		};
/* End XCSwiftPackageProductDependency section */

/* Begin XCVersionGroup section */
		21BDDEFA2AB1C02800BFF4B2 /* KeysocItunesSearchApp.xcdatamodeld */ = {
			isa = XCVersionGroup;
			children = (
				21BDDEFB2AB1C02800BFF4B2 /* KeysocItunesSearchApp.xcdatamodel */,
			);
			currentVersion = 21BDDEFB2AB1C02800BFF4B2 /* KeysocItunesSearchApp.xcdatamodel */;
			path = KeysocItunesSearchApp.xcdatamodeld;
			sourceTree = "<group>";
			versionGroupType = wrapper.xcdatamodel;
		};
/* End XCVersionGroup section */
	};
	rootObject = 21BDDE502AB074B500BFF4B2 /* Project object */;
}
